
Microsoft Visual Studio Solution File, Format Version 12.00
# Visual Studio Version 17
VisualStudioVersion = 17.0.31919.166
MinimumVisualStudioVersion = 15.0.26124.0
Project("{9A19103F-16F7-4668-BE54-9A1E7A4F7556}") = "StrongInject", "StrongInject\StrongInject.csproj", "{90BC5444-D833-4B63-9BE9-E974B23C4CA4}"
EndProject
Project("{9A19103F-16F7-4668-BE54-9A1E7A4F7556}") = "StrongInject.Tests.Unit", "StrongInject.Tests.Unit\StrongInject.Tests.Unit.csproj", "{0FD2C8D0-BCBB-4D39-911F-A70EF5630CDA}"
EndProject
Project("{9A19103F-16F7-4668-BE54-9A1E7A4F7556}") = "StrongInject.Tests.Integration", "StrongInject.Tests.Integration\StrongInject.Tests.Integration.csproj", "{0F5253A8-007D-4C81-BF8D-C79B6E52D2A9}"
EndProject
Project("{2150E333-8FDC-42A3-9474-1A3956D46DE8}") = "Solution Items", "Solution Items", "{BA06BB7A-3289-4F4B-8E2D-4C63AB46BE99}"
	ProjectSection(SolutionItems) = preProject
		.editorconfig = .editorconfig
		Directory.Build.props = Directory.Build.props
		NuGet.config = NuGet.config
		README.md = README.md
	EndProjectSection
EndProject
Project("{2150E333-8FDC-42A3-9474-1A3956D46DE8}") = "Utilities", "Utilities", "{EB46F000-80AB-4A94-A684-080CE86F9113}"
EndProject
Project("{9A19103F-16F7-4668-BE54-9A1E7A4F7556}") = "GeneratorTestsUpdater", "Utilities\GeneratorTestsUpdater\GeneratorTestsUpdater.csproj", "{4EEDAEE4-1AAF-4918-9CA6-1EDA46256D01}"
EndProject
Project("{9A19103F-16F7-4668-BE54-9A1E7A4F7556}") = "StrongInject.Extensions.DependencyInjection", "StrongInject.Extensions.DependencyInjection\StrongInject.Extensions.DependencyInjection.csproj", "{228F3BDF-41E8-46B5-96AD-22764458E693}"
EndProject
Project("{9A19103F-16F7-4668-BE54-9A1E7A4F7556}") = "StrongInject.Extensions.DependencyInjection.Tests", "StrongInject.Extensions.DependencyInjection.Tests\StrongInject.Extensions.DependencyInjection.Tests.csproj", "{215603DA-EAA7-40CE-9481-F503C24AB628}"
EndProject
Project("{2150E333-8FDC-42A3-9474-1A3956D46DE8}") = "Samples", "Samples", "{9277EC4A-41B3-4A0C-9769-EA9240431771}"
EndProject
Project("{9A19103F-16F7-4668-BE54-9A1E7A4F7556}") = "StrongInject.Samples.AspNetCore", "Samples\AspNetCore\StrongInject.Samples.AspNetCore.csproj", "{9FD4544D-DF0C-4036-AD57-6A3CE2E62D14}"
EndProject
Project("{9A19103F-16F7-4668-BE54-9A1E7A4F7556}") = "StrongInject.Samples.ConsoleApp", "Samples\Console\StrongInject.Samples.ConsoleApp.csproj", "{B4A9D2BE-A049-4906-8E5D-3B8F4304CDE4}"
EndProject
Project("{2150E333-8FDC-42A3-9474-1A3956D46DE8}") = "Xamarin", "Xamarin", "{E5418E37-ABEA-4336-8BA8-92EF12FDF1D4}"
	ProjectSection(SolutionItems) = preProject
		Samples\Xamarin\README.md = Samples\Xamarin\README.md
	EndProjectSection
EndProject
Project("{9A19103F-16F7-4668-BE54-9A1E7A4F7556}") = "StrongInject.Samples.XamarinApp", "Samples\Xamarin\StrongInject.Samples.XamarinApp\StrongInject.Samples.XamarinApp.csproj", "{90296851-2C8A-438A-9C9D-010330ADFDE2}"
EndProject
Project("{FAE04EC0-301F-11D3-BF4B-00C04F79EFBC}") = "StrongInject.Samples.XamarinApp.Android", "Samples\Xamarin\StrongInject.Samples.XamarinApp.Android\StrongInject.Samples.XamarinApp.Android.csproj", "{BBBEA69C-8FF6-48BA-9D1A-56EAB4D47712}"
EndProject
Project("{9A19103F-16F7-4668-BE54-9A1E7A4F7556}") = "StrongInject.Samples.Wpf", "Samples\Wpf\StrongInject.Samples.Wpf.csproj", "{D05A0DBE-B2E8-48D7-A8D6-75DDF9F8EFB9}"
EndProject
Project("{9A19103F-16F7-4668-BE54-9A1E7A4F7556}") = "StrongInject.Generator", "StrongInject.Generator\StrongInject.Generator.csproj", "{1684B68F-699F-457F-8891-99DC2569420B}"
EndProject
Project("{FAE04EC0-301F-11D3-BF4B-00C04F79EFBC}") = "StrongInject.Extensions.DependencyInjection.AspNetCore", "StrongInject.Extensions.DependencyInjection.AspNetCore\StrongInject.Extensions.DependencyInjection.AspNetCore.csproj", "{E0D8491B-FF17-48B1-B79B-E5B539E79DF6}"
EndProject
Global
	GlobalSection(SolutionConfigurationPlatforms) = preSolution
		All|Any CPU = All|Any CPU
		All|iPhone = All|iPhone
		All|iPhoneSimulator = All|iPhoneSimulator
		All|x64 = All|x64
		All|x86 = All|x86
		AndroidApp|Any CPU = AndroidApp|Any CPU
		AndroidApp|iPhone = AndroidApp|iPhone
		AndroidApp|iPhoneSimulator = AndroidApp|iPhoneSimulator
		AndroidApp|x64 = AndroidApp|x64
		AndroidApp|x86 = AndroidApp|x86
		Debug|Any CPU = Debug|Any CPU
		Debug|iPhone = Debug|iPhone
		Debug|iPhoneSimulator = Debug|iPhoneSimulator
		Debug|x64 = Debug|x64
		Debug|x86 = Debug|x86
		Release|Any CPU = Release|Any CPU
		Release|iPhone = Release|iPhone
		Release|iPhoneSimulator = Release|iPhoneSimulator
		Release|x64 = Release|x64
		Release|x86 = Release|x86
		Wpf|Any CPU = Wpf|Any CPU
		Wpf|iPhone = Wpf|iPhone
		Wpf|iPhoneSimulator = Wpf|iPhoneSimulator
		Wpf|x64 = Wpf|x64
		Wpf|x86 = Wpf|x86
	EndGlobalSection
	GlobalSection(ProjectConfigurationPlatforms) = postSolution
		{90BC5444-D833-4B63-9BE9-E974B23C4CA4}.All|Any CPU.ActiveCfg = All|Any CPU
		{90BC5444-D833-4B63-9BE9-E974B23C4CA4}.All|Any CPU.Build.0 = All|Any CPU
		{90BC5444-D833-4B63-9BE9-E974B23C4CA4}.All|iPhone.ActiveCfg = All|Any CPU
		{90BC5444-D833-4B63-9BE9-E974B23C4CA4}.All|iPhone.Build.0 = All|Any CPU
		{90BC5444-D833-4B63-9BE9-E974B23C4CA4}.All|iPhoneSimulator.ActiveCfg = All|Any CPU
		{90BC5444-D833-4B63-9BE9-E974B23C4CA4}.All|iPhoneSimulator.Build.0 = All|Any CPU
		{90BC5444-D833-4B63-9BE9-E974B23C4CA4}.All|x64.ActiveCfg = All|Any CPU
		{90BC5444-D833-4B63-9BE9-E974B23C4CA4}.All|x64.Build.0 = All|Any CPU
		{90BC5444-D833-4B63-9BE9-E974B23C4CA4}.All|x86.ActiveCfg = All|Any CPU
		{90BC5444-D833-4B63-9BE9-E974B23C4CA4}.All|x86.Build.0 = All|Any CPU
		{90BC5444-D833-4B63-9BE9-E974B23C4CA4}.AndroidApp|Any CPU.ActiveCfg = Debug|Any CPU
		{90BC5444-D833-4B63-9BE9-E974B23C4CA4}.AndroidApp|iPhone.ActiveCfg = AndroidApp|Any CPU
		{90BC5444-D833-4B63-9BE9-E974B23C4CA4}.AndroidApp|iPhone.Build.0 = AndroidApp|Any CPU
		{90BC5444-D833-4B63-9BE9-E974B23C4CA4}.AndroidApp|iPhoneSimulator.ActiveCfg = AndroidApp|Any CPU
		{90BC5444-D833-4B63-9BE9-E974B23C4CA4}.AndroidApp|iPhoneSimulator.Build.0 = AndroidApp|Any CPU
		{90BC5444-D833-4B63-9BE9-E974B23C4CA4}.AndroidApp|x64.ActiveCfg = AndroidApp|Any CPU
		{90BC5444-D833-4B63-9BE9-E974B23C4CA4}.AndroidApp|x64.Build.0 = AndroidApp|Any CPU
		{90BC5444-D833-4B63-9BE9-E974B23C4CA4}.AndroidApp|x86.ActiveCfg = AndroidApp|Any CPU
		{90BC5444-D833-4B63-9BE9-E974B23C4CA4}.AndroidApp|x86.Build.0 = AndroidApp|Any CPU
		{90BC5444-D833-4B63-9BE9-E974B23C4CA4}.Debug|Any CPU.ActiveCfg = Debug|Any CPU
		{90BC5444-D833-4B63-9BE9-E974B23C4CA4}.Debug|Any CPU.Build.0 = Debug|Any CPU
		{90BC5444-D833-4B63-9BE9-E974B23C4CA4}.Debug|iPhone.ActiveCfg = Debug|Any CPU
		{90BC5444-D833-4B63-9BE9-E974B23C4CA4}.Debug|iPhone.Build.0 = Debug|Any CPU
		{90BC5444-D833-4B63-9BE9-E974B23C4CA4}.Debug|iPhoneSimulator.ActiveCfg = Debug|Any CPU
		{90BC5444-D833-4B63-9BE9-E974B23C4CA4}.Debug|iPhoneSimulator.Build.0 = Debug|Any CPU
		{90BC5444-D833-4B63-9BE9-E974B23C4CA4}.Debug|x64.ActiveCfg = Debug|Any CPU
		{90BC5444-D833-4B63-9BE9-E974B23C4CA4}.Debug|x64.Build.0 = Debug|Any CPU
		{90BC5444-D833-4B63-9BE9-E974B23C4CA4}.Debug|x86.ActiveCfg = Debug|Any CPU
		{90BC5444-D833-4B63-9BE9-E974B23C4CA4}.Debug|x86.Build.0 = Debug|Any CPU
		{90BC5444-D833-4B63-9BE9-E974B23C4CA4}.Release|Any CPU.ActiveCfg = Release|Any CPU
		{90BC5444-D833-4B63-9BE9-E974B23C4CA4}.Release|Any CPU.Build.0 = Release|Any CPU
		{90BC5444-D833-4B63-9BE9-E974B23C4CA4}.Release|iPhone.ActiveCfg = Release|Any CPU
		{90BC5444-D833-4B63-9BE9-E974B23C4CA4}.Release|iPhone.Build.0 = Release|Any CPU
		{90BC5444-D833-4B63-9BE9-E974B23C4CA4}.Release|iPhoneSimulator.ActiveCfg = Release|Any CPU
		{90BC5444-D833-4B63-9BE9-E974B23C4CA4}.Release|iPhoneSimulator.Build.0 = Release|Any CPU
		{90BC5444-D833-4B63-9BE9-E974B23C4CA4}.Release|x64.ActiveCfg = Release|Any CPU
		{90BC5444-D833-4B63-9BE9-E974B23C4CA4}.Release|x64.Build.0 = Release|Any CPU
		{90BC5444-D833-4B63-9BE9-E974B23C4CA4}.Release|x86.ActiveCfg = Release|Any CPU
		{90BC5444-D833-4B63-9BE9-E974B23C4CA4}.Release|x86.Build.0 = Release|Any CPU
		{90BC5444-D833-4B63-9BE9-E974B23C4CA4}.Wpf|Any CPU.ActiveCfg = Wpf|Any CPU
		{90BC5444-D833-4B63-9BE9-E974B23C4CA4}.Wpf|iPhone.ActiveCfg = Wpf|Any CPU
		{90BC5444-D833-4B63-9BE9-E974B23C4CA4}.Wpf|iPhone.Build.0 = Wpf|Any CPU
		{90BC5444-D833-4B63-9BE9-E974B23C4CA4}.Wpf|iPhoneSimulator.ActiveCfg = Wpf|Any CPU
		{90BC5444-D833-4B63-9BE9-E974B23C4CA4}.Wpf|iPhoneSimulator.Build.0 = Wpf|Any CPU
		{90BC5444-D833-4B63-9BE9-E974B23C4CA4}.Wpf|x64.ActiveCfg = Wpf|Any CPU
		{90BC5444-D833-4B63-9BE9-E974B23C4CA4}.Wpf|x64.Build.0 = Wpf|Any CPU
		{90BC5444-D833-4B63-9BE9-E974B23C4CA4}.Wpf|x86.ActiveCfg = Wpf|Any CPU
		{90BC5444-D833-4B63-9BE9-E974B23C4CA4}.Wpf|x86.Build.0 = Wpf|Any CPU
		{0FD2C8D0-BCBB-4D39-911F-A70EF5630CDA}.All|Any CPU.ActiveCfg = All|Any CPU
		{0FD2C8D0-BCBB-4D39-911F-A70EF5630CDA}.All|Any CPU.Build.0 = All|Any CPU
		{0FD2C8D0-BCBB-4D39-911F-A70EF5630CDA}.All|iPhone.ActiveCfg = All|Any CPU
		{0FD2C8D0-BCBB-4D39-911F-A70EF5630CDA}.All|iPhone.Build.0 = All|Any CPU
		{0FD2C8D0-BCBB-4D39-911F-A70EF5630CDA}.All|iPhoneSimulator.ActiveCfg = All|Any CPU
		{0FD2C8D0-BCBB-4D39-911F-A70EF5630CDA}.All|iPhoneSimulator.Build.0 = All|Any CPU
		{0FD2C8D0-BCBB-4D39-911F-A70EF5630CDA}.All|x64.ActiveCfg = All|Any CPU
		{0FD2C8D0-BCBB-4D39-911F-A70EF5630CDA}.All|x64.Build.0 = All|Any CPU
		{0FD2C8D0-BCBB-4D39-911F-A70EF5630CDA}.All|x86.ActiveCfg = All|Any CPU
		{0FD2C8D0-BCBB-4D39-911F-A70EF5630CDA}.All|x86.Build.0 = All|Any CPU
		{0FD2C8D0-BCBB-4D39-911F-A70EF5630CDA}.AndroidApp|Any CPU.ActiveCfg = Debug|Any CPU
		{0FD2C8D0-BCBB-4D39-911F-A70EF5630CDA}.AndroidApp|iPhone.ActiveCfg = AndroidApp|Any CPU
		{0FD2C8D0-BCBB-4D39-911F-A70EF5630CDA}.AndroidApp|iPhone.Build.0 = AndroidApp|Any CPU
		{0FD2C8D0-BCBB-4D39-911F-A70EF5630CDA}.AndroidApp|iPhoneSimulator.ActiveCfg = AndroidApp|Any CPU
		{0FD2C8D0-BCBB-4D39-911F-A70EF5630CDA}.AndroidApp|iPhoneSimulator.Build.0 = AndroidApp|Any CPU
		{0FD2C8D0-BCBB-4D39-911F-A70EF5630CDA}.AndroidApp|x64.ActiveCfg = AndroidApp|Any CPU
		{0FD2C8D0-BCBB-4D39-911F-A70EF5630CDA}.AndroidApp|x64.Build.0 = AndroidApp|Any CPU
		{0FD2C8D0-BCBB-4D39-911F-A70EF5630CDA}.AndroidApp|x86.ActiveCfg = AndroidApp|Any CPU
		{0FD2C8D0-BCBB-4D39-911F-A70EF5630CDA}.AndroidApp|x86.Build.0 = AndroidApp|Any CPU
		{0FD2C8D0-BCBB-4D39-911F-A70EF5630CDA}.Debug|Any CPU.ActiveCfg = Debug|Any CPU
		{0FD2C8D0-BCBB-4D39-911F-A70EF5630CDA}.Debug|Any CPU.Build.0 = Debug|Any CPU
		{0FD2C8D0-BCBB-4D39-911F-A70EF5630CDA}.Debug|iPhone.ActiveCfg = Debug|Any CPU
		{0FD2C8D0-BCBB-4D39-911F-A70EF5630CDA}.Debug|iPhone.Build.0 = Debug|Any CPU
		{0FD2C8D0-BCBB-4D39-911F-A70EF5630CDA}.Debug|iPhoneSimulator.ActiveCfg = Debug|Any CPU
		{0FD2C8D0-BCBB-4D39-911F-A70EF5630CDA}.Debug|iPhoneSimulator.Build.0 = Debug|Any CPU
		{0FD2C8D0-BCBB-4D39-911F-A70EF5630CDA}.Debug|x64.ActiveCfg = Debug|Any CPU
		{0FD2C8D0-BCBB-4D39-911F-A70EF5630CDA}.Debug|x64.Build.0 = Debug|Any CPU
		{0FD2C8D0-BCBB-4D39-911F-A70EF5630CDA}.Debug|x86.ActiveCfg = Debug|Any CPU
		{0FD2C8D0-BCBB-4D39-911F-A70EF5630CDA}.Debug|x86.Build.0 = Debug|Any CPU
		{0FD2C8D0-BCBB-4D39-911F-A70EF5630CDA}.Release|Any CPU.ActiveCfg = Release|Any CPU
		{0FD2C8D0-BCBB-4D39-911F-A70EF5630CDA}.Release|Any CPU.Build.0 = Release|Any CPU
		{0FD2C8D0-BCBB-4D39-911F-A70EF5630CDA}.Release|iPhone.ActiveCfg = Release|Any CPU
		{0FD2C8D0-BCBB-4D39-911F-A70EF5630CDA}.Release|iPhone.Build.0 = Release|Any CPU
		{0FD2C8D0-BCBB-4D39-911F-A70EF5630CDA}.Release|iPhoneSimulator.ActiveCfg = Release|Any CPU
		{0FD2C8D0-BCBB-4D39-911F-A70EF5630CDA}.Release|iPhoneSimulator.Build.0 = Release|Any CPU
		{0FD2C8D0-BCBB-4D39-911F-A70EF5630CDA}.Release|x64.ActiveCfg = Release|Any CPU
		{0FD2C8D0-BCBB-4D39-911F-A70EF5630CDA}.Release|x64.Build.0 = Release|Any CPU
		{0FD2C8D0-BCBB-4D39-911F-A70EF5630CDA}.Release|x86.ActiveCfg = Release|Any CPU
		{0FD2C8D0-BCBB-4D39-911F-A70EF5630CDA}.Release|x86.Build.0 = Release|Any CPU
		{0FD2C8D0-BCBB-4D39-911F-A70EF5630CDA}.Wpf|Any CPU.ActiveCfg = Wpf|Any CPU
		{0FD2C8D0-BCBB-4D39-911F-A70EF5630CDA}.Wpf|iPhone.ActiveCfg = Wpf|Any CPU
		{0FD2C8D0-BCBB-4D39-911F-A70EF5630CDA}.Wpf|iPhone.Build.0 = Wpf|Any CPU
		{0FD2C8D0-BCBB-4D39-911F-A70EF5630CDA}.Wpf|iPhoneSimulator.ActiveCfg = Wpf|Any CPU
		{0FD2C8D0-BCBB-4D39-911F-A70EF5630CDA}.Wpf|iPhoneSimulator.Build.0 = Wpf|Any CPU
		{0FD2C8D0-BCBB-4D39-911F-A70EF5630CDA}.Wpf|x64.ActiveCfg = Wpf|Any CPU
		{0FD2C8D0-BCBB-4D39-911F-A70EF5630CDA}.Wpf|x64.Build.0 = Wpf|Any CPU
		{0FD2C8D0-BCBB-4D39-911F-A70EF5630CDA}.Wpf|x86.ActiveCfg = Wpf|Any CPU
		{0FD2C8D0-BCBB-4D39-911F-A70EF5630CDA}.Wpf|x86.Build.0 = Wpf|Any CPU
		{0F5253A8-007D-4C81-BF8D-C79B6E52D2A9}.All|Any CPU.ActiveCfg = All|Any CPU
		{0F5253A8-007D-4C81-BF8D-C79B6E52D2A9}.All|Any CPU.Build.0 = All|Any CPU
		{0F5253A8-007D-4C81-BF8D-C79B6E52D2A9}.All|iPhone.ActiveCfg = All|Any CPU
		{0F5253A8-007D-4C81-BF8D-C79B6E52D2A9}.All|iPhone.Build.0 = All|Any CPU
		{0F5253A8-007D-4C81-BF8D-C79B6E52D2A9}.All|iPhoneSimulator.ActiveCfg = All|Any CPU
		{0F5253A8-007D-4C81-BF8D-C79B6E52D2A9}.All|iPhoneSimulator.Build.0 = All|Any CPU
		{0F5253A8-007D-4C81-BF8D-C79B6E52D2A9}.All|x64.ActiveCfg = All|Any CPU
		{0F5253A8-007D-4C81-BF8D-C79B6E52D2A9}.All|x64.Build.0 = All|Any CPU
		{0F5253A8-007D-4C81-BF8D-C79B6E52D2A9}.All|x86.ActiveCfg = All|Any CPU
		{0F5253A8-007D-4C81-BF8D-C79B6E52D2A9}.All|x86.Build.0 = All|Any CPU
		{0F5253A8-007D-4C81-BF8D-C79B6E52D2A9}.AndroidApp|Any CPU.ActiveCfg = Debug|Any CPU
		{0F5253A8-007D-4C81-BF8D-C79B6E52D2A9}.AndroidApp|iPhone.ActiveCfg = AndroidApp|Any CPU
		{0F5253A8-007D-4C81-BF8D-C79B6E52D2A9}.AndroidApp|iPhone.Build.0 = AndroidApp|Any CPU
		{0F5253A8-007D-4C81-BF8D-C79B6E52D2A9}.AndroidApp|iPhoneSimulator.ActiveCfg = AndroidApp|Any CPU
		{0F5253A8-007D-4C81-BF8D-C79B6E52D2A9}.AndroidApp|iPhoneSimulator.Build.0 = AndroidApp|Any CPU
		{0F5253A8-007D-4C81-BF8D-C79B6E52D2A9}.AndroidApp|x64.ActiveCfg = AndroidApp|Any CPU
		{0F5253A8-007D-4C81-BF8D-C79B6E52D2A9}.AndroidApp|x64.Build.0 = AndroidApp|Any CPU
		{0F5253A8-007D-4C81-BF8D-C79B6E52D2A9}.AndroidApp|x86.ActiveCfg = AndroidApp|Any CPU
		{0F5253A8-007D-4C81-BF8D-C79B6E52D2A9}.AndroidApp|x86.Build.0 = AndroidApp|Any CPU
		{0F5253A8-007D-4C81-BF8D-C79B6E52D2A9}.Debug|Any CPU.ActiveCfg = Debug|Any CPU
		{0F5253A8-007D-4C81-BF8D-C79B6E52D2A9}.Debug|Any CPU.Build.0 = Debug|Any CPU
		{0F5253A8-007D-4C81-BF8D-C79B6E52D2A9}.Debug|iPhone.ActiveCfg = Debug|Any CPU
		{0F5253A8-007D-4C81-BF8D-C79B6E52D2A9}.Debug|iPhone.Build.0 = Debug|Any CPU
		{0F5253A8-007D-4C81-BF8D-C79B6E52D2A9}.Debug|iPhoneSimulator.ActiveCfg = Debug|Any CPU
		{0F5253A8-007D-4C81-BF8D-C79B6E52D2A9}.Debug|iPhoneSimulator.Build.0 = Debug|Any CPU
		{0F5253A8-007D-4C81-BF8D-C79B6E52D2A9}.Debug|x64.ActiveCfg = Debug|Any CPU
		{0F5253A8-007D-4C81-BF8D-C79B6E52D2A9}.Debug|x64.Build.0 = Debug|Any CPU
		{0F5253A8-007D-4C81-BF8D-C79B6E52D2A9}.Debug|x86.ActiveCfg = Debug|Any CPU
		{0F5253A8-007D-4C81-BF8D-C79B6E52D2A9}.Debug|x86.Build.0 = Debug|Any CPU
		{0F5253A8-007D-4C81-BF8D-C79B6E52D2A9}.Release|Any CPU.ActiveCfg = Release|Any CPU
		{0F5253A8-007D-4C81-BF8D-C79B6E52D2A9}.Release|Any CPU.Build.0 = Release|Any CPU
		{0F5253A8-007D-4C81-BF8D-C79B6E52D2A9}.Release|iPhone.ActiveCfg = Release|Any CPU
		{0F5253A8-007D-4C81-BF8D-C79B6E52D2A9}.Release|iPhone.Build.0 = Release|Any CPU
		{0F5253A8-007D-4C81-BF8D-C79B6E52D2A9}.Release|iPhoneSimulator.ActiveCfg = Release|Any CPU
		{0F5253A8-007D-4C81-BF8D-C79B6E52D2A9}.Release|iPhoneSimulator.Build.0 = Release|Any CPU
		{0F5253A8-007D-4C81-BF8D-C79B6E52D2A9}.Release|x64.ActiveCfg = Release|Any CPU
		{0F5253A8-007D-4C81-BF8D-C79B6E52D2A9}.Release|x64.Build.0 = Release|Any CPU
		{0F5253A8-007D-4C81-BF8D-C79B6E52D2A9}.Release|x86.ActiveCfg = Release|Any CPU
		{0F5253A8-007D-4C81-BF8D-C79B6E52D2A9}.Release|x86.Build.0 = Release|Any CPU
		{0F5253A8-007D-4C81-BF8D-C79B6E52D2A9}.Wpf|Any CPU.ActiveCfg = Wpf|Any CPU
		{0F5253A8-007D-4C81-BF8D-C79B6E52D2A9}.Wpf|iPhone.ActiveCfg = Wpf|Any CPU
		{0F5253A8-007D-4C81-BF8D-C79B6E52D2A9}.Wpf|iPhone.Build.0 = Wpf|Any CPU
		{0F5253A8-007D-4C81-BF8D-C79B6E52D2A9}.Wpf|iPhoneSimulator.ActiveCfg = Wpf|Any CPU
		{0F5253A8-007D-4C81-BF8D-C79B6E52D2A9}.Wpf|iPhoneSimulator.Build.0 = Wpf|Any CPU
		{0F5253A8-007D-4C81-BF8D-C79B6E52D2A9}.Wpf|x64.ActiveCfg = Wpf|Any CPU
		{0F5253A8-007D-4C81-BF8D-C79B6E52D2A9}.Wpf|x64.Build.0 = Wpf|Any CPU
		{0F5253A8-007D-4C81-BF8D-C79B6E52D2A9}.Wpf|x86.ActiveCfg = Wpf|Any CPU
		{0F5253A8-007D-4C81-BF8D-C79B6E52D2A9}.Wpf|x86.Build.0 = Wpf|Any CPU
		{4EEDAEE4-1AAF-4918-9CA6-1EDA46256D01}.All|Any CPU.ActiveCfg = All|Any CPU
		{4EEDAEE4-1AAF-4918-9CA6-1EDA46256D01}.All|Any CPU.Build.0 = All|Any CPU
		{4EEDAEE4-1AAF-4918-9CA6-1EDA46256D01}.All|iPhone.ActiveCfg = All|Any CPU
		{4EEDAEE4-1AAF-4918-9CA6-1EDA46256D01}.All|iPhone.Build.0 = All|Any CPU
		{4EEDAEE4-1AAF-4918-9CA6-1EDA46256D01}.All|iPhoneSimulator.ActiveCfg = All|Any CPU
		{4EEDAEE4-1AAF-4918-9CA6-1EDA46256D01}.All|iPhoneSimulator.Build.0 = All|Any CPU
		{4EEDAEE4-1AAF-4918-9CA6-1EDA46256D01}.All|x64.ActiveCfg = All|Any CPU
		{4EEDAEE4-1AAF-4918-9CA6-1EDA46256D01}.All|x64.Build.0 = All|Any CPU
		{4EEDAEE4-1AAF-4918-9CA6-1EDA46256D01}.All|x86.ActiveCfg = All|Any CPU
		{4EEDAEE4-1AAF-4918-9CA6-1EDA46256D01}.All|x86.Build.0 = All|Any CPU
		{4EEDAEE4-1AAF-4918-9CA6-1EDA46256D01}.AndroidApp|Any CPU.ActiveCfg = Debug|Any CPU
		{4EEDAEE4-1AAF-4918-9CA6-1EDA46256D01}.AndroidApp|iPhone.ActiveCfg = AndroidApp|Any CPU
		{4EEDAEE4-1AAF-4918-9CA6-1EDA46256D01}.AndroidApp|iPhone.Build.0 = AndroidApp|Any CPU
		{4EEDAEE4-1AAF-4918-9CA6-1EDA46256D01}.AndroidApp|iPhoneSimulator.ActiveCfg = AndroidApp|Any CPU
		{4EEDAEE4-1AAF-4918-9CA6-1EDA46256D01}.AndroidApp|iPhoneSimulator.Build.0 = AndroidApp|Any CPU
		{4EEDAEE4-1AAF-4918-9CA6-1EDA46256D01}.AndroidApp|x64.ActiveCfg = AndroidApp|Any CPU
		{4EEDAEE4-1AAF-4918-9CA6-1EDA46256D01}.AndroidApp|x64.Build.0 = AndroidApp|Any CPU
		{4EEDAEE4-1AAF-4918-9CA6-1EDA46256D01}.AndroidApp|x86.ActiveCfg = AndroidApp|Any CPU
		{4EEDAEE4-1AAF-4918-9CA6-1EDA46256D01}.AndroidApp|x86.Build.0 = AndroidApp|Any CPU
		{4EEDAEE4-1AAF-4918-9CA6-1EDA46256D01}.Debug|Any CPU.ActiveCfg = Debug|Any CPU
		{4EEDAEE4-1AAF-4918-9CA6-1EDA46256D01}.Debug|Any CPU.Build.0 = Debug|Any CPU
		{4EEDAEE4-1AAF-4918-9CA6-1EDA46256D01}.Debug|iPhone.ActiveCfg = Debug|Any CPU
		{4EEDAEE4-1AAF-4918-9CA6-1EDA46256D01}.Debug|iPhone.Build.0 = Debug|Any CPU
		{4EEDAEE4-1AAF-4918-9CA6-1EDA46256D01}.Debug|iPhoneSimulator.ActiveCfg = Debug|Any CPU
		{4EEDAEE4-1AAF-4918-9CA6-1EDA46256D01}.Debug|iPhoneSimulator.Build.0 = Debug|Any CPU
		{4EEDAEE4-1AAF-4918-9CA6-1EDA46256D01}.Debug|x64.ActiveCfg = Debug|Any CPU
		{4EEDAEE4-1AAF-4918-9CA6-1EDA46256D01}.Debug|x64.Build.0 = Debug|Any CPU
		{4EEDAEE4-1AAF-4918-9CA6-1EDA46256D01}.Debug|x86.ActiveCfg = Debug|Any CPU
		{4EEDAEE4-1AAF-4918-9CA6-1EDA46256D01}.Debug|x86.Build.0 = Debug|Any CPU
		{4EEDAEE4-1AAF-4918-9CA6-1EDA46256D01}.Release|Any CPU.ActiveCfg = Release|Any CPU
		{4EEDAEE4-1AAF-4918-9CA6-1EDA46256D01}.Release|Any CPU.Build.0 = Release|Any CPU
		{4EEDAEE4-1AAF-4918-9CA6-1EDA46256D01}.Release|iPhone.ActiveCfg = Release|Any CPU
		{4EEDAEE4-1AAF-4918-9CA6-1EDA46256D01}.Release|iPhone.Build.0 = Release|Any CPU
		{4EEDAEE4-1AAF-4918-9CA6-1EDA46256D01}.Release|iPhoneSimulator.ActiveCfg = Release|Any CPU
		{4EEDAEE4-1AAF-4918-9CA6-1EDA46256D01}.Release|iPhoneSimulator.Build.0 = Release|Any CPU
		{4EEDAEE4-1AAF-4918-9CA6-1EDA46256D01}.Release|x64.ActiveCfg = Release|Any CPU
		{4EEDAEE4-1AAF-4918-9CA6-1EDA46256D01}.Release|x64.Build.0 = Release|Any CPU
		{4EEDAEE4-1AAF-4918-9CA6-1EDA46256D01}.Release|x86.ActiveCfg = Release|Any CPU
		{4EEDAEE4-1AAF-4918-9CA6-1EDA46256D01}.Release|x86.Build.0 = Release|Any CPU
		{4EEDAEE4-1AAF-4918-9CA6-1EDA46256D01}.Wpf|Any CPU.ActiveCfg = Wpf|Any CPU
		{4EEDAEE4-1AAF-4918-9CA6-1EDA46256D01}.Wpf|iPhone.ActiveCfg = Wpf|Any CPU
		{4EEDAEE4-1AAF-4918-9CA6-1EDA46256D01}.Wpf|iPhone.Build.0 = Wpf|Any CPU
		{4EEDAEE4-1AAF-4918-9CA6-1EDA46256D01}.Wpf|iPhoneSimulator.ActiveCfg = Wpf|Any CPU
		{4EEDAEE4-1AAF-4918-9CA6-1EDA46256D01}.Wpf|iPhoneSimulator.Build.0 = Wpf|Any CPU
		{4EEDAEE4-1AAF-4918-9CA6-1EDA46256D01}.Wpf|x64.ActiveCfg = Wpf|Any CPU
		{4EEDAEE4-1AAF-4918-9CA6-1EDA46256D01}.Wpf|x64.Build.0 = Wpf|Any CPU
		{4EEDAEE4-1AAF-4918-9CA6-1EDA46256D01}.Wpf|x86.ActiveCfg = Wpf|Any CPU
		{4EEDAEE4-1AAF-4918-9CA6-1EDA46256D01}.Wpf|x86.Build.0 = Wpf|Any CPU
		{228F3BDF-41E8-46B5-96AD-22764458E693}.All|Any CPU.ActiveCfg = All|Any CPU
		{228F3BDF-41E8-46B5-96AD-22764458E693}.All|Any CPU.Build.0 = All|Any CPU
		{228F3BDF-41E8-46B5-96AD-22764458E693}.All|iPhone.ActiveCfg = All|Any CPU
		{228F3BDF-41E8-46B5-96AD-22764458E693}.All|iPhone.Build.0 = All|Any CPU
		{228F3BDF-41E8-46B5-96AD-22764458E693}.All|iPhoneSimulator.ActiveCfg = All|Any CPU
		{228F3BDF-41E8-46B5-96AD-22764458E693}.All|iPhoneSimulator.Build.0 = All|Any CPU
		{228F3BDF-41E8-46B5-96AD-22764458E693}.All|x64.ActiveCfg = All|Any CPU
		{228F3BDF-41E8-46B5-96AD-22764458E693}.All|x64.Build.0 = All|Any CPU
		{228F3BDF-41E8-46B5-96AD-22764458E693}.All|x86.ActiveCfg = All|Any CPU
		{228F3BDF-41E8-46B5-96AD-22764458E693}.All|x86.Build.0 = All|Any CPU
		{228F3BDF-41E8-46B5-96AD-22764458E693}.AndroidApp|Any CPU.ActiveCfg = Debug|Any CPU
		{228F3BDF-41E8-46B5-96AD-22764458E693}.AndroidApp|iPhone.ActiveCfg = AndroidApp|Any CPU
		{228F3BDF-41E8-46B5-96AD-22764458E693}.AndroidApp|iPhone.Build.0 = AndroidApp|Any CPU
		{228F3BDF-41E8-46B5-96AD-22764458E693}.AndroidApp|iPhoneSimulator.ActiveCfg = AndroidApp|Any CPU
		{228F3BDF-41E8-46B5-96AD-22764458E693}.AndroidApp|iPhoneSimulator.Build.0 = AndroidApp|Any CPU
		{228F3BDF-41E8-46B5-96AD-22764458E693}.AndroidApp|x64.ActiveCfg = AndroidApp|Any CPU
		{228F3BDF-41E8-46B5-96AD-22764458E693}.AndroidApp|x64.Build.0 = AndroidApp|Any CPU
		{228F3BDF-41E8-46B5-96AD-22764458E693}.AndroidApp|x86.ActiveCfg = AndroidApp|Any CPU
		{228F3BDF-41E8-46B5-96AD-22764458E693}.AndroidApp|x86.Build.0 = AndroidApp|Any CPU
		{228F3BDF-41E8-46B5-96AD-22764458E693}.Debug|Any CPU.ActiveCfg = Debug|Any CPU
		{228F3BDF-41E8-46B5-96AD-22764458E693}.Debug|Any CPU.Build.0 = Debug|Any CPU
		{228F3BDF-41E8-46B5-96AD-22764458E693}.Debug|iPhone.ActiveCfg = Debug|Any CPU
		{228F3BDF-41E8-46B5-96AD-22764458E693}.Debug|iPhone.Build.0 = Debug|Any CPU
		{228F3BDF-41E8-46B5-96AD-22764458E693}.Debug|iPhoneSimulator.ActiveCfg = Debug|Any CPU
		{228F3BDF-41E8-46B5-96AD-22764458E693}.Debug|iPhoneSimulator.Build.0 = Debug|Any CPU
		{228F3BDF-41E8-46B5-96AD-22764458E693}.Debug|x64.ActiveCfg = Debug|Any CPU
		{228F3BDF-41E8-46B5-96AD-22764458E693}.Debug|x64.Build.0 = Debug|Any CPU
		{228F3BDF-41E8-46B5-96AD-22764458E693}.Debug|x86.ActiveCfg = Debug|Any CPU
		{228F3BDF-41E8-46B5-96AD-22764458E693}.Debug|x86.Build.0 = Debug|Any CPU
		{228F3BDF-41E8-46B5-96AD-22764458E693}.Release|Any CPU.ActiveCfg = Release|Any CPU
		{228F3BDF-41E8-46B5-96AD-22764458E693}.Release|Any CPU.Build.0 = Release|Any CPU
		{228F3BDF-41E8-46B5-96AD-22764458E693}.Release|iPhone.ActiveCfg = Release|Any CPU
		{228F3BDF-41E8-46B5-96AD-22764458E693}.Release|iPhone.Build.0 = Release|Any CPU
		{228F3BDF-41E8-46B5-96AD-22764458E693}.Release|iPhoneSimulator.ActiveCfg = Release|Any CPU
		{228F3BDF-41E8-46B5-96AD-22764458E693}.Release|iPhoneSimulator.Build.0 = Release|Any CPU
		{228F3BDF-41E8-46B5-96AD-22764458E693}.Release|x64.ActiveCfg = Release|Any CPU
		{228F3BDF-41E8-46B5-96AD-22764458E693}.Release|x64.Build.0 = Release|Any CPU
		{228F3BDF-41E8-46B5-96AD-22764458E693}.Release|x86.ActiveCfg = Release|Any CPU
		{228F3BDF-41E8-46B5-96AD-22764458E693}.Release|x86.Build.0 = Release|Any CPU
		{228F3BDF-41E8-46B5-96AD-22764458E693}.Wpf|Any CPU.ActiveCfg = Wpf|Any CPU
		{228F3BDF-41E8-46B5-96AD-22764458E693}.Wpf|iPhone.ActiveCfg = Wpf|Any CPU
		{228F3BDF-41E8-46B5-96AD-22764458E693}.Wpf|iPhone.Build.0 = Wpf|Any CPU
		{228F3BDF-41E8-46B5-96AD-22764458E693}.Wpf|iPhoneSimulator.ActiveCfg = Wpf|Any CPU
		{228F3BDF-41E8-46B5-96AD-22764458E693}.Wpf|iPhoneSimulator.Build.0 = Wpf|Any CPU
		{228F3BDF-41E8-46B5-96AD-22764458E693}.Wpf|x64.ActiveCfg = Wpf|Any CPU
		{228F3BDF-41E8-46B5-96AD-22764458E693}.Wpf|x64.Build.0 = Wpf|Any CPU
		{228F3BDF-41E8-46B5-96AD-22764458E693}.Wpf|x86.ActiveCfg = Wpf|Any CPU
		{228F3BDF-41E8-46B5-96AD-22764458E693}.Wpf|x86.Build.0 = Wpf|Any CPU
		{215603DA-EAA7-40CE-9481-F503C24AB628}.All|Any CPU.ActiveCfg = All|Any CPU
		{215603DA-EAA7-40CE-9481-F503C24AB628}.All|Any CPU.Build.0 = All|Any CPU
		{215603DA-EAA7-40CE-9481-F503C24AB628}.All|iPhone.ActiveCfg = All|Any CPU
		{215603DA-EAA7-40CE-9481-F503C24AB628}.All|iPhone.Build.0 = All|Any CPU
		{215603DA-EAA7-40CE-9481-F503C24AB628}.All|iPhoneSimulator.ActiveCfg = All|Any CPU
		{215603DA-EAA7-40CE-9481-F503C24AB628}.All|iPhoneSimulator.Build.0 = All|Any CPU
		{215603DA-EAA7-40CE-9481-F503C24AB628}.All|x64.ActiveCfg = All|Any CPU
		{215603DA-EAA7-40CE-9481-F503C24AB628}.All|x64.Build.0 = All|Any CPU
		{215603DA-EAA7-40CE-9481-F503C24AB628}.All|x86.ActiveCfg = All|Any CPU
		{215603DA-EAA7-40CE-9481-F503C24AB628}.All|x86.Build.0 = All|Any CPU
		{215603DA-EAA7-40CE-9481-F503C24AB628}.AndroidApp|Any CPU.ActiveCfg = Debug|Any CPU
		{215603DA-EAA7-40CE-9481-F503C24AB628}.AndroidApp|iPhone.ActiveCfg = AndroidApp|Any CPU
		{215603DA-EAA7-40CE-9481-F503C24AB628}.AndroidApp|iPhone.Build.0 = AndroidApp|Any CPU
		{215603DA-EAA7-40CE-9481-F503C24AB628}.AndroidApp|iPhoneSimulator.ActiveCfg = AndroidApp|Any CPU
		{215603DA-EAA7-40CE-9481-F503C24AB628}.AndroidApp|iPhoneSimulator.Build.0 = AndroidApp|Any CPU
		{215603DA-EAA7-40CE-9481-F503C24AB628}.AndroidApp|x64.ActiveCfg = AndroidApp|Any CPU
		{215603DA-EAA7-40CE-9481-F503C24AB628}.AndroidApp|x64.Build.0 = AndroidApp|Any CPU
		{215603DA-EAA7-40CE-9481-F503C24AB628}.AndroidApp|x86.ActiveCfg = AndroidApp|Any CPU
		{215603DA-EAA7-40CE-9481-F503C24AB628}.AndroidApp|x86.Build.0 = AndroidApp|Any CPU
		{215603DA-EAA7-40CE-9481-F503C24AB628}.Debug|Any CPU.ActiveCfg = Debug|Any CPU
		{215603DA-EAA7-40CE-9481-F503C24AB628}.Debug|Any CPU.Build.0 = Debug|Any CPU
		{215603DA-EAA7-40CE-9481-F503C24AB628}.Debug|iPhone.ActiveCfg = Debug|Any CPU
		{215603DA-EAA7-40CE-9481-F503C24AB628}.Debug|iPhone.Build.0 = Debug|Any CPU
		{215603DA-EAA7-40CE-9481-F503C24AB628}.Debug|iPhoneSimulator.ActiveCfg = Debug|Any CPU
		{215603DA-EAA7-40CE-9481-F503C24AB628}.Debug|iPhoneSimulator.Build.0 = Debug|Any CPU
		{215603DA-EAA7-40CE-9481-F503C24AB628}.Debug|x64.ActiveCfg = Debug|Any CPU
		{215603DA-EAA7-40CE-9481-F503C24AB628}.Debug|x64.Build.0 = Debug|Any CPU
		{215603DA-EAA7-40CE-9481-F503C24AB628}.Debug|x86.ActiveCfg = Debug|Any CPU
		{215603DA-EAA7-40CE-9481-F503C24AB628}.Debug|x86.Build.0 = Debug|Any CPU
		{215603DA-EAA7-40CE-9481-F503C24AB628}.Release|Any CPU.ActiveCfg = Release|Any CPU
		{215603DA-EAA7-40CE-9481-F503C24AB628}.Release|Any CPU.Build.0 = Release|Any CPU
		{215603DA-EAA7-40CE-9481-F503C24AB628}.Release|iPhone.ActiveCfg = Release|Any CPU
		{215603DA-EAA7-40CE-9481-F503C24AB628}.Release|iPhone.Build.0 = Release|Any CPU
		{215603DA-EAA7-40CE-9481-F503C24AB628}.Release|iPhoneSimulator.ActiveCfg = Release|Any CPU
		{215603DA-EAA7-40CE-9481-F503C24AB628}.Release|iPhoneSimulator.Build.0 = Release|Any CPU
		{215603DA-EAA7-40CE-9481-F503C24AB628}.Release|x64.ActiveCfg = Release|Any CPU
		{215603DA-EAA7-40CE-9481-F503C24AB628}.Release|x64.Build.0 = Release|Any CPU
		{215603DA-EAA7-40CE-9481-F503C24AB628}.Release|x86.ActiveCfg = Release|Any CPU
		{215603DA-EAA7-40CE-9481-F503C24AB628}.Release|x86.Build.0 = Release|Any CPU
		{215603DA-EAA7-40CE-9481-F503C24AB628}.Wpf|Any CPU.ActiveCfg = Wpf|Any CPU
		{215603DA-EAA7-40CE-9481-F503C24AB628}.Wpf|iPhone.ActiveCfg = Wpf|Any CPU
		{215603DA-EAA7-40CE-9481-F503C24AB628}.Wpf|iPhone.Build.0 = Wpf|Any CPU
		{215603DA-EAA7-40CE-9481-F503C24AB628}.Wpf|iPhoneSimulator.ActiveCfg = Wpf|Any CPU
		{215603DA-EAA7-40CE-9481-F503C24AB628}.Wpf|iPhoneSimulator.Build.0 = Wpf|Any CPU
		{215603DA-EAA7-40CE-9481-F503C24AB628}.Wpf|x64.ActiveCfg = Wpf|Any CPU
		{215603DA-EAA7-40CE-9481-F503C24AB628}.Wpf|x64.Build.0 = Wpf|Any CPU
		{215603DA-EAA7-40CE-9481-F503C24AB628}.Wpf|x86.ActiveCfg = Wpf|Any CPU
		{215603DA-EAA7-40CE-9481-F503C24AB628}.Wpf|x86.Build.0 = Wpf|Any CPU
		{9FD4544D-DF0C-4036-AD57-6A3CE2E62D14}.All|Any CPU.ActiveCfg = All|Any CPU
		{9FD4544D-DF0C-4036-AD57-6A3CE2E62D14}.All|Any CPU.Build.0 = All|Any CPU
		{9FD4544D-DF0C-4036-AD57-6A3CE2E62D14}.All|iPhone.ActiveCfg = All|Any CPU
		{9FD4544D-DF0C-4036-AD57-6A3CE2E62D14}.All|iPhone.Build.0 = All|Any CPU
		{9FD4544D-DF0C-4036-AD57-6A3CE2E62D14}.All|iPhoneSimulator.ActiveCfg = All|Any CPU
		{9FD4544D-DF0C-4036-AD57-6A3CE2E62D14}.All|iPhoneSimulator.Build.0 = All|Any CPU
		{9FD4544D-DF0C-4036-AD57-6A3CE2E62D14}.All|x64.ActiveCfg = All|Any CPU
		{9FD4544D-DF0C-4036-AD57-6A3CE2E62D14}.All|x64.Build.0 = All|Any CPU
		{9FD4544D-DF0C-4036-AD57-6A3CE2E62D14}.All|x86.ActiveCfg = All|Any CPU
		{9FD4544D-DF0C-4036-AD57-6A3CE2E62D14}.All|x86.Build.0 = All|Any CPU
		{9FD4544D-DF0C-4036-AD57-6A3CE2E62D14}.AndroidApp|Any CPU.ActiveCfg = Debug|Any CPU
		{9FD4544D-DF0C-4036-AD57-6A3CE2E62D14}.AndroidApp|iPhone.ActiveCfg = AndroidApp|Any CPU
		{9FD4544D-DF0C-4036-AD57-6A3CE2E62D14}.AndroidApp|iPhone.Build.0 = AndroidApp|Any CPU
		{9FD4544D-DF0C-4036-AD57-6A3CE2E62D14}.AndroidApp|iPhoneSimulator.ActiveCfg = AndroidApp|Any CPU
		{9FD4544D-DF0C-4036-AD57-6A3CE2E62D14}.AndroidApp|iPhoneSimulator.Build.0 = AndroidApp|Any CPU
		{9FD4544D-DF0C-4036-AD57-6A3CE2E62D14}.AndroidApp|x64.ActiveCfg = AndroidApp|Any CPU
		{9FD4544D-DF0C-4036-AD57-6A3CE2E62D14}.AndroidApp|x64.Build.0 = AndroidApp|Any CPU
		{9FD4544D-DF0C-4036-AD57-6A3CE2E62D14}.AndroidApp|x86.ActiveCfg = AndroidApp|Any CPU
		{9FD4544D-DF0C-4036-AD57-6A3CE2E62D14}.AndroidApp|x86.Build.0 = AndroidApp|Any CPU
		{9FD4544D-DF0C-4036-AD57-6A3CE2E62D14}.Debug|Any CPU.ActiveCfg = Debug|Any CPU
		{9FD4544D-DF0C-4036-AD57-6A3CE2E62D14}.Debug|Any CPU.Build.0 = Debug|Any CPU
		{9FD4544D-DF0C-4036-AD57-6A3CE2E62D14}.Debug|iPhone.ActiveCfg = Debug|Any CPU
		{9FD4544D-DF0C-4036-AD57-6A3CE2E62D14}.Debug|iPhone.Build.0 = Debug|Any CPU
		{9FD4544D-DF0C-4036-AD57-6A3CE2E62D14}.Debug|iPhoneSimulator.ActiveCfg = Debug|Any CPU
		{9FD4544D-DF0C-4036-AD57-6A3CE2E62D14}.Debug|iPhoneSimulator.Build.0 = Debug|Any CPU
		{9FD4544D-DF0C-4036-AD57-6A3CE2E62D14}.Debug|x64.ActiveCfg = Debug|Any CPU
		{9FD4544D-DF0C-4036-AD57-6A3CE2E62D14}.Debug|x64.Build.0 = Debug|Any CPU
		{9FD4544D-DF0C-4036-AD57-6A3CE2E62D14}.Debug|x86.ActiveCfg = Debug|Any CPU
		{9FD4544D-DF0C-4036-AD57-6A3CE2E62D14}.Debug|x86.Build.0 = Debug|Any CPU
		{9FD4544D-DF0C-4036-AD57-6A3CE2E62D14}.Release|Any CPU.ActiveCfg = Release|Any CPU
		{9FD4544D-DF0C-4036-AD57-6A3CE2E62D14}.Release|Any CPU.Build.0 = Release|Any CPU
		{9FD4544D-DF0C-4036-AD57-6A3CE2E62D14}.Release|iPhone.ActiveCfg = Release|Any CPU
		{9FD4544D-DF0C-4036-AD57-6A3CE2E62D14}.Release|iPhone.Build.0 = Release|Any CPU
		{9FD4544D-DF0C-4036-AD57-6A3CE2E62D14}.Release|iPhoneSimulator.ActiveCfg = Release|Any CPU
		{9FD4544D-DF0C-4036-AD57-6A3CE2E62D14}.Release|iPhoneSimulator.Build.0 = Release|Any CPU
		{9FD4544D-DF0C-4036-AD57-6A3CE2E62D14}.Release|x64.ActiveCfg = Release|Any CPU
		{9FD4544D-DF0C-4036-AD57-6A3CE2E62D14}.Release|x64.Build.0 = Release|Any CPU
		{9FD4544D-DF0C-4036-AD57-6A3CE2E62D14}.Release|x86.ActiveCfg = Release|Any CPU
		{9FD4544D-DF0C-4036-AD57-6A3CE2E62D14}.Release|x86.Build.0 = Release|Any CPU
		{9FD4544D-DF0C-4036-AD57-6A3CE2E62D14}.Wpf|Any CPU.ActiveCfg = Wpf|Any CPU
		{9FD4544D-DF0C-4036-AD57-6A3CE2E62D14}.Wpf|iPhone.ActiveCfg = Wpf|Any CPU
		{9FD4544D-DF0C-4036-AD57-6A3CE2E62D14}.Wpf|iPhone.Build.0 = Wpf|Any CPU
		{9FD4544D-DF0C-4036-AD57-6A3CE2E62D14}.Wpf|iPhoneSimulator.ActiveCfg = Wpf|Any CPU
		{9FD4544D-DF0C-4036-AD57-6A3CE2E62D14}.Wpf|iPhoneSimulator.Build.0 = Wpf|Any CPU
		{9FD4544D-DF0C-4036-AD57-6A3CE2E62D14}.Wpf|x64.ActiveCfg = Wpf|Any CPU
		{9FD4544D-DF0C-4036-AD57-6A3CE2E62D14}.Wpf|x64.Build.0 = Wpf|Any CPU
		{9FD4544D-DF0C-4036-AD57-6A3CE2E62D14}.Wpf|x86.ActiveCfg = Wpf|Any CPU
		{9FD4544D-DF0C-4036-AD57-6A3CE2E62D14}.Wpf|x86.Build.0 = Wpf|Any CPU
		{B4A9D2BE-A049-4906-8E5D-3B8F4304CDE4}.All|Any CPU.ActiveCfg = All|Any CPU
		{B4A9D2BE-A049-4906-8E5D-3B8F4304CDE4}.All|Any CPU.Build.0 = All|Any CPU
		{B4A9D2BE-A049-4906-8E5D-3B8F4304CDE4}.All|iPhone.ActiveCfg = All|Any CPU
		{B4A9D2BE-A049-4906-8E5D-3B8F4304CDE4}.All|iPhone.Build.0 = All|Any CPU
		{B4A9D2BE-A049-4906-8E5D-3B8F4304CDE4}.All|iPhoneSimulator.ActiveCfg = All|Any CPU
		{B4A9D2BE-A049-4906-8E5D-3B8F4304CDE4}.All|iPhoneSimulator.Build.0 = All|Any CPU
		{B4A9D2BE-A049-4906-8E5D-3B8F4304CDE4}.All|x64.ActiveCfg = All|Any CPU
		{B4A9D2BE-A049-4906-8E5D-3B8F4304CDE4}.All|x64.Build.0 = All|Any CPU
		{B4A9D2BE-A049-4906-8E5D-3B8F4304CDE4}.All|x86.ActiveCfg = All|Any CPU
		{B4A9D2BE-A049-4906-8E5D-3B8F4304CDE4}.All|x86.Build.0 = All|Any CPU
		{B4A9D2BE-A049-4906-8E5D-3B8F4304CDE4}.AndroidApp|Any CPU.ActiveCfg = Debug|Any CPU
		{B4A9D2BE-A049-4906-8E5D-3B8F4304CDE4}.AndroidApp|iPhone.ActiveCfg = AndroidApp|Any CPU
		{B4A9D2BE-A049-4906-8E5D-3B8F4304CDE4}.AndroidApp|iPhone.Build.0 = AndroidApp|Any CPU
		{B4A9D2BE-A049-4906-8E5D-3B8F4304CDE4}.AndroidApp|iPhoneSimulator.ActiveCfg = AndroidApp|Any CPU
		{B4A9D2BE-A049-4906-8E5D-3B8F4304CDE4}.AndroidApp|iPhoneSimulator.Build.0 = AndroidApp|Any CPU
		{B4A9D2BE-A049-4906-8E5D-3B8F4304CDE4}.AndroidApp|x64.ActiveCfg = AndroidApp|Any CPU
		{B4A9D2BE-A049-4906-8E5D-3B8F4304CDE4}.AndroidApp|x64.Build.0 = AndroidApp|Any CPU
		{B4A9D2BE-A049-4906-8E5D-3B8F4304CDE4}.AndroidApp|x86.ActiveCfg = AndroidApp|Any CPU
		{B4A9D2BE-A049-4906-8E5D-3B8F4304CDE4}.AndroidApp|x86.Build.0 = AndroidApp|Any CPU
		{B4A9D2BE-A049-4906-8E5D-3B8F4304CDE4}.Debug|Any CPU.ActiveCfg = Debug|Any CPU
		{B4A9D2BE-A049-4906-8E5D-3B8F4304CDE4}.Debug|Any CPU.Build.0 = Debug|Any CPU
		{B4A9D2BE-A049-4906-8E5D-3B8F4304CDE4}.Debug|iPhone.ActiveCfg = Debug|Any CPU
		{B4A9D2BE-A049-4906-8E5D-3B8F4304CDE4}.Debug|iPhone.Build.0 = Debug|Any CPU
		{B4A9D2BE-A049-4906-8E5D-3B8F4304CDE4}.Debug|iPhoneSimulator.ActiveCfg = Debug|Any CPU
		{B4A9D2BE-A049-4906-8E5D-3B8F4304CDE4}.Debug|iPhoneSimulator.Build.0 = Debug|Any CPU
		{B4A9D2BE-A049-4906-8E5D-3B8F4304CDE4}.Debug|x64.ActiveCfg = Debug|Any CPU
		{B4A9D2BE-A049-4906-8E5D-3B8F4304CDE4}.Debug|x64.Build.0 = Debug|Any CPU
		{B4A9D2BE-A049-4906-8E5D-3B8F4304CDE4}.Debug|x86.ActiveCfg = Debug|Any CPU
		{B4A9D2BE-A049-4906-8E5D-3B8F4304CDE4}.Debug|x86.Build.0 = Debug|Any CPU
		{B4A9D2BE-A049-4906-8E5D-3B8F4304CDE4}.Release|Any CPU.ActiveCfg = Release|Any CPU
		{B4A9D2BE-A049-4906-8E5D-3B8F4304CDE4}.Release|Any CPU.Build.0 = Release|Any CPU
		{B4A9D2BE-A049-4906-8E5D-3B8F4304CDE4}.Release|iPhone.ActiveCfg = Release|Any CPU
		{B4A9D2BE-A049-4906-8E5D-3B8F4304CDE4}.Release|iPhone.Build.0 = Release|Any CPU
		{B4A9D2BE-A049-4906-8E5D-3B8F4304CDE4}.Release|iPhoneSimulator.ActiveCfg = Release|Any CPU
		{B4A9D2BE-A049-4906-8E5D-3B8F4304CDE4}.Release|iPhoneSimulator.Build.0 = Release|Any CPU
		{B4A9D2BE-A049-4906-8E5D-3B8F4304CDE4}.Release|x64.ActiveCfg = Release|Any CPU
		{B4A9D2BE-A049-4906-8E5D-3B8F4304CDE4}.Release|x64.Build.0 = Release|Any CPU
		{B4A9D2BE-A049-4906-8E5D-3B8F4304CDE4}.Release|x86.ActiveCfg = Release|Any CPU
		{B4A9D2BE-A049-4906-8E5D-3B8F4304CDE4}.Release|x86.Build.0 = Release|Any CPU
		{B4A9D2BE-A049-4906-8E5D-3B8F4304CDE4}.Wpf|Any CPU.ActiveCfg = Wpf|Any CPU
		{B4A9D2BE-A049-4906-8E5D-3B8F4304CDE4}.Wpf|iPhone.ActiveCfg = Wpf|Any CPU
		{B4A9D2BE-A049-4906-8E5D-3B8F4304CDE4}.Wpf|iPhone.Build.0 = Wpf|Any CPU
		{B4A9D2BE-A049-4906-8E5D-3B8F4304CDE4}.Wpf|iPhoneSimulator.ActiveCfg = Wpf|Any CPU
		{B4A9D2BE-A049-4906-8E5D-3B8F4304CDE4}.Wpf|iPhoneSimulator.Build.0 = Wpf|Any CPU
		{B4A9D2BE-A049-4906-8E5D-3B8F4304CDE4}.Wpf|x64.ActiveCfg = Wpf|Any CPU
		{B4A9D2BE-A049-4906-8E5D-3B8F4304CDE4}.Wpf|x64.Build.0 = Wpf|Any CPU
		{B4A9D2BE-A049-4906-8E5D-3B8F4304CDE4}.Wpf|x86.ActiveCfg = Wpf|Any CPU
		{B4A9D2BE-A049-4906-8E5D-3B8F4304CDE4}.Wpf|x86.Build.0 = Wpf|Any CPU
		{90296851-2C8A-438A-9C9D-010330ADFDE2}.All|Any CPU.ActiveCfg = All|Any CPU
		{90296851-2C8A-438A-9C9D-010330ADFDE2}.All|Any CPU.Build.0 = All|Any CPU
		{90296851-2C8A-438A-9C9D-010330ADFDE2}.All|iPhone.ActiveCfg = All|Any CPU
		{90296851-2C8A-438A-9C9D-010330ADFDE2}.All|iPhone.Build.0 = All|Any CPU
		{90296851-2C8A-438A-9C9D-010330ADFDE2}.All|iPhoneSimulator.ActiveCfg = All|Any CPU
		{90296851-2C8A-438A-9C9D-010330ADFDE2}.All|iPhoneSimulator.Build.0 = All|Any CPU
		{90296851-2C8A-438A-9C9D-010330ADFDE2}.All|x64.ActiveCfg = All|Any CPU
		{90296851-2C8A-438A-9C9D-010330ADFDE2}.All|x64.Build.0 = All|Any CPU
		{90296851-2C8A-438A-9C9D-010330ADFDE2}.All|x86.ActiveCfg = All|Any CPU
		{90296851-2C8A-438A-9C9D-010330ADFDE2}.All|x86.Build.0 = All|Any CPU
		{90296851-2C8A-438A-9C9D-010330ADFDE2}.AndroidApp|Any CPU.ActiveCfg = AndroidApp|Any CPU
		{90296851-2C8A-438A-9C9D-010330ADFDE2}.AndroidApp|Any CPU.Build.0 = AndroidApp|Any CPU
		{90296851-2C8A-438A-9C9D-010330ADFDE2}.AndroidApp|iPhone.ActiveCfg = AndroidApp|Any CPU
		{90296851-2C8A-438A-9C9D-010330ADFDE2}.AndroidApp|iPhone.Build.0 = AndroidApp|Any CPU
		{90296851-2C8A-438A-9C9D-010330ADFDE2}.AndroidApp|iPhoneSimulator.ActiveCfg = AndroidApp|Any CPU
		{90296851-2C8A-438A-9C9D-010330ADFDE2}.AndroidApp|iPhoneSimulator.Build.0 = AndroidApp|Any CPU
		{90296851-2C8A-438A-9C9D-010330ADFDE2}.AndroidApp|x64.ActiveCfg = AndroidApp|Any CPU
		{90296851-2C8A-438A-9C9D-010330ADFDE2}.AndroidApp|x64.Build.0 = AndroidApp|Any CPU
		{90296851-2C8A-438A-9C9D-010330ADFDE2}.AndroidApp|x86.ActiveCfg = AndroidApp|Any CPU
		{90296851-2C8A-438A-9C9D-010330ADFDE2}.AndroidApp|x86.Build.0 = AndroidApp|Any CPU
		{90296851-2C8A-438A-9C9D-010330ADFDE2}.Debug|Any CPU.ActiveCfg = Debug|Any CPU
		{90296851-2C8A-438A-9C9D-010330ADFDE2}.Debug|Any CPU.Build.0 = Debug|Any CPU
		{90296851-2C8A-438A-9C9D-010330ADFDE2}.Debug|iPhone.ActiveCfg = Debug|Any CPU
		{90296851-2C8A-438A-9C9D-010330ADFDE2}.Debug|iPhone.Build.0 = Debug|Any CPU
		{90296851-2C8A-438A-9C9D-010330ADFDE2}.Debug|iPhoneSimulator.ActiveCfg = Debug|Any CPU
		{90296851-2C8A-438A-9C9D-010330ADFDE2}.Debug|iPhoneSimulator.Build.0 = Debug|Any CPU
		{90296851-2C8A-438A-9C9D-010330ADFDE2}.Debug|x64.ActiveCfg = Debug|Any CPU
		{90296851-2C8A-438A-9C9D-010330ADFDE2}.Debug|x64.Build.0 = Debug|Any CPU
		{90296851-2C8A-438A-9C9D-010330ADFDE2}.Debug|x86.ActiveCfg = Debug|Any CPU
		{90296851-2C8A-438A-9C9D-010330ADFDE2}.Debug|x86.Build.0 = Debug|Any CPU
		{90296851-2C8A-438A-9C9D-010330ADFDE2}.Release|Any CPU.ActiveCfg = Release|Any CPU
		{90296851-2C8A-438A-9C9D-010330ADFDE2}.Release|Any CPU.Build.0 = Release|Any CPU
		{90296851-2C8A-438A-9C9D-010330ADFDE2}.Release|iPhone.ActiveCfg = Release|Any CPU
		{90296851-2C8A-438A-9C9D-010330ADFDE2}.Release|iPhone.Build.0 = Release|Any CPU
		{90296851-2C8A-438A-9C9D-010330ADFDE2}.Release|iPhoneSimulator.ActiveCfg = Release|Any CPU
		{90296851-2C8A-438A-9C9D-010330ADFDE2}.Release|iPhoneSimulator.Build.0 = Release|Any CPU
		{90296851-2C8A-438A-9C9D-010330ADFDE2}.Release|x64.ActiveCfg = Release|Any CPU
		{90296851-2C8A-438A-9C9D-010330ADFDE2}.Release|x64.Build.0 = Release|Any CPU
		{90296851-2C8A-438A-9C9D-010330ADFDE2}.Release|x86.ActiveCfg = Release|Any CPU
		{90296851-2C8A-438A-9C9D-010330ADFDE2}.Release|x86.Build.0 = Release|Any CPU
		{90296851-2C8A-438A-9C9D-010330ADFDE2}.Wpf|Any CPU.ActiveCfg = Wpf|Any CPU
		{90296851-2C8A-438A-9C9D-010330ADFDE2}.Wpf|iPhone.ActiveCfg = Wpf|Any CPU
		{90296851-2C8A-438A-9C9D-010330ADFDE2}.Wpf|iPhone.Build.0 = Wpf|Any CPU
		{90296851-2C8A-438A-9C9D-010330ADFDE2}.Wpf|iPhoneSimulator.ActiveCfg = Wpf|Any CPU
		{90296851-2C8A-438A-9C9D-010330ADFDE2}.Wpf|iPhoneSimulator.Build.0 = Wpf|Any CPU
		{90296851-2C8A-438A-9C9D-010330ADFDE2}.Wpf|x64.ActiveCfg = Wpf|Any CPU
		{90296851-2C8A-438A-9C9D-010330ADFDE2}.Wpf|x64.Build.0 = Wpf|Any CPU
		{90296851-2C8A-438A-9C9D-010330ADFDE2}.Wpf|x86.ActiveCfg = Wpf|Any CPU
		{90296851-2C8A-438A-9C9D-010330ADFDE2}.Wpf|x86.Build.0 = Wpf|Any CPU
		{BBBEA69C-8FF6-48BA-9D1A-56EAB4D47712}.All|Any CPU.ActiveCfg = All|Any CPU
		{BBBEA69C-8FF6-48BA-9D1A-56EAB4D47712}.All|Any CPU.Build.0 = All|Any CPU
		{BBBEA69C-8FF6-48BA-9D1A-56EAB4D47712}.All|Any CPU.Deploy.0 = All|Any CPU
		{BBBEA69C-8FF6-48BA-9D1A-56EAB4D47712}.All|iPhone.ActiveCfg = All|Any CPU
		{BBBEA69C-8FF6-48BA-9D1A-56EAB4D47712}.All|iPhone.Build.0 = All|Any CPU
		{BBBEA69C-8FF6-48BA-9D1A-56EAB4D47712}.All|iPhone.Deploy.0 = All|Any CPU
		{BBBEA69C-8FF6-48BA-9D1A-56EAB4D47712}.All|iPhoneSimulator.ActiveCfg = All|Any CPU
		{BBBEA69C-8FF6-48BA-9D1A-56EAB4D47712}.All|iPhoneSimulator.Build.0 = All|Any CPU
		{BBBEA69C-8FF6-48BA-9D1A-56EAB4D47712}.All|iPhoneSimulator.Deploy.0 = All|Any CPU
		{BBBEA69C-8FF6-48BA-9D1A-56EAB4D47712}.All|x64.ActiveCfg = All|Any CPU
		{BBBEA69C-8FF6-48BA-9D1A-56EAB4D47712}.All|x64.Build.0 = All|Any CPU
		{BBBEA69C-8FF6-48BA-9D1A-56EAB4D47712}.All|x64.Deploy.0 = All|Any CPU
		{BBBEA69C-8FF6-48BA-9D1A-56EAB4D47712}.All|x86.ActiveCfg = All|Any CPU
		{BBBEA69C-8FF6-48BA-9D1A-56EAB4D47712}.All|x86.Build.0 = All|Any CPU
		{BBBEA69C-8FF6-48BA-9D1A-56EAB4D47712}.All|x86.Deploy.0 = All|Any CPU
		{BBBEA69C-8FF6-48BA-9D1A-56EAB4D47712}.AndroidApp|Any CPU.ActiveCfg = AndroidApp|Any CPU
		{BBBEA69C-8FF6-48BA-9D1A-56EAB4D47712}.AndroidApp|Any CPU.Build.0 = AndroidApp|Any CPU
		{BBBEA69C-8FF6-48BA-9D1A-56EAB4D47712}.AndroidApp|Any CPU.Deploy.0 = AndroidApp|Any CPU
		{BBBEA69C-8FF6-48BA-9D1A-56EAB4D47712}.AndroidApp|iPhone.ActiveCfg = AndroidApp|Any CPU
		{BBBEA69C-8FF6-48BA-9D1A-56EAB4D47712}.AndroidApp|iPhone.Build.0 = AndroidApp|Any CPU
		{BBBEA69C-8FF6-48BA-9D1A-56EAB4D47712}.AndroidApp|iPhone.Deploy.0 = AndroidApp|Any CPU
		{BBBEA69C-8FF6-48BA-9D1A-56EAB4D47712}.AndroidApp|iPhoneSimulator.ActiveCfg = AndroidApp|Any CPU
		{BBBEA69C-8FF6-48BA-9D1A-56EAB4D47712}.AndroidApp|iPhoneSimulator.Build.0 = AndroidApp|Any CPU
		{BBBEA69C-8FF6-48BA-9D1A-56EAB4D47712}.AndroidApp|iPhoneSimulator.Deploy.0 = AndroidApp|Any CPU
		{BBBEA69C-8FF6-48BA-9D1A-56EAB4D47712}.AndroidApp|x64.ActiveCfg = AndroidApp|Any CPU
		{BBBEA69C-8FF6-48BA-9D1A-56EAB4D47712}.AndroidApp|x64.Build.0 = AndroidApp|Any CPU
		{BBBEA69C-8FF6-48BA-9D1A-56EAB4D47712}.AndroidApp|x64.Deploy.0 = AndroidApp|Any CPU
		{BBBEA69C-8FF6-48BA-9D1A-56EAB4D47712}.AndroidApp|x86.ActiveCfg = AndroidApp|Any CPU
		{BBBEA69C-8FF6-48BA-9D1A-56EAB4D47712}.AndroidApp|x86.Build.0 = AndroidApp|Any CPU
		{BBBEA69C-8FF6-48BA-9D1A-56EAB4D47712}.AndroidApp|x86.Deploy.0 = AndroidApp|Any CPU
		{BBBEA69C-8FF6-48BA-9D1A-56EAB4D47712}.Debug|Any CPU.ActiveCfg = Debug|Any CPU
		{BBBEA69C-8FF6-48BA-9D1A-56EAB4D47712}.Debug|iPhone.ActiveCfg = Debug|Any CPU
		{BBBEA69C-8FF6-48BA-9D1A-56EAB4D47712}.Debug|iPhone.Build.0 = Debug|Any CPU
		{BBBEA69C-8FF6-48BA-9D1A-56EAB4D47712}.Debug|iPhone.Deploy.0 = Debug|Any CPU
		{BBBEA69C-8FF6-48BA-9D1A-56EAB4D47712}.Debug|iPhoneSimulator.ActiveCfg = Debug|Any CPU
		{BBBEA69C-8FF6-48BA-9D1A-56EAB4D47712}.Debug|iPhoneSimulator.Build.0 = Debug|Any CPU
		{BBBEA69C-8FF6-48BA-9D1A-56EAB4D47712}.Debug|iPhoneSimulator.Deploy.0 = Debug|Any CPU
		{BBBEA69C-8FF6-48BA-9D1A-56EAB4D47712}.Debug|x64.ActiveCfg = Debug|Any CPU
		{BBBEA69C-8FF6-48BA-9D1A-56EAB4D47712}.Debug|x64.Build.0 = Debug|Any CPU
		{BBBEA69C-8FF6-48BA-9D1A-56EAB4D47712}.Debug|x64.Deploy.0 = Debug|Any CPU
		{BBBEA69C-8FF6-48BA-9D1A-56EAB4D47712}.Debug|x86.ActiveCfg = Debug|Any CPU
		{BBBEA69C-8FF6-48BA-9D1A-56EAB4D47712}.Debug|x86.Build.0 = Debug|Any CPU
		{BBBEA69C-8FF6-48BA-9D1A-56EAB4D47712}.Debug|x86.Deploy.0 = Debug|Any CPU
		{BBBEA69C-8FF6-48BA-9D1A-56EAB4D47712}.Release|Any CPU.ActiveCfg = Release|Any CPU
		{BBBEA69C-8FF6-48BA-9D1A-56EAB4D47712}.Release|iPhone.ActiveCfg = Release|Any CPU
		{BBBEA69C-8FF6-48BA-9D1A-56EAB4D47712}.Release|iPhone.Build.0 = Release|Any CPU
		{BBBEA69C-8FF6-48BA-9D1A-56EAB4D47712}.Release|iPhone.Deploy.0 = Release|Any CPU
		{BBBEA69C-8FF6-48BA-9D1A-56EAB4D47712}.Release|iPhoneSimulator.ActiveCfg = Release|Any CPU
		{BBBEA69C-8FF6-48BA-9D1A-56EAB4D47712}.Release|iPhoneSimulator.Build.0 = Release|Any CPU
		{BBBEA69C-8FF6-48BA-9D1A-56EAB4D47712}.Release|iPhoneSimulator.Deploy.0 = Release|Any CPU
		{BBBEA69C-8FF6-48BA-9D1A-56EAB4D47712}.Release|x64.ActiveCfg = Release|Any CPU
		{BBBEA69C-8FF6-48BA-9D1A-56EAB4D47712}.Release|x64.Build.0 = Release|Any CPU
		{BBBEA69C-8FF6-48BA-9D1A-56EAB4D47712}.Release|x64.Deploy.0 = Release|Any CPU
		{BBBEA69C-8FF6-48BA-9D1A-56EAB4D47712}.Release|x86.ActiveCfg = Release|Any CPU
		{BBBEA69C-8FF6-48BA-9D1A-56EAB4D47712}.Release|x86.Build.0 = Release|Any CPU
		{BBBEA69C-8FF6-48BA-9D1A-56EAB4D47712}.Release|x86.Deploy.0 = Release|Any CPU
		{BBBEA69C-8FF6-48BA-9D1A-56EAB4D47712}.Wpf|Any CPU.ActiveCfg = Wpf|Any CPU
		{BBBEA69C-8FF6-48BA-9D1A-56EAB4D47712}.Wpf|iPhone.ActiveCfg = Wpf|Any CPU
		{BBBEA69C-8FF6-48BA-9D1A-56EAB4D47712}.Wpf|iPhone.Build.0 = Wpf|Any CPU
		{BBBEA69C-8FF6-48BA-9D1A-56EAB4D47712}.Wpf|iPhone.Deploy.0 = Wpf|Any CPU
		{BBBEA69C-8FF6-48BA-9D1A-56EAB4D47712}.Wpf|iPhoneSimulator.ActiveCfg = Wpf|Any CPU
		{BBBEA69C-8FF6-48BA-9D1A-56EAB4D47712}.Wpf|iPhoneSimulator.Build.0 = Wpf|Any CPU
		{BBBEA69C-8FF6-48BA-9D1A-56EAB4D47712}.Wpf|iPhoneSimulator.Deploy.0 = Wpf|Any CPU
		{BBBEA69C-8FF6-48BA-9D1A-56EAB4D47712}.Wpf|x64.ActiveCfg = Wpf|Any CPU
		{BBBEA69C-8FF6-48BA-9D1A-56EAB4D47712}.Wpf|x64.Build.0 = Wpf|Any CPU
		{BBBEA69C-8FF6-48BA-9D1A-56EAB4D47712}.Wpf|x64.Deploy.0 = Wpf|Any CPU
		{BBBEA69C-8FF6-48BA-9D1A-56EAB4D47712}.Wpf|x86.ActiveCfg = Wpf|Any CPU
		{BBBEA69C-8FF6-48BA-9D1A-56EAB4D47712}.Wpf|x86.Build.0 = Wpf|Any CPU
		{BBBEA69C-8FF6-48BA-9D1A-56EAB4D47712}.Wpf|x86.Deploy.0 = Wpf|Any CPU
		{D05A0DBE-B2E8-48D7-A8D6-75DDF9F8EFB9}.All|Any CPU.ActiveCfg = Debug|Any CPU
		{D05A0DBE-B2E8-48D7-A8D6-75DDF9F8EFB9}.All|Any CPU.Build.0 = Debug|Any CPU
		{D05A0DBE-B2E8-48D7-A8D6-75DDF9F8EFB9}.All|iPhone.ActiveCfg = Debug|Any CPU
		{D05A0DBE-B2E8-48D7-A8D6-75DDF9F8EFB9}.All|iPhone.Build.0 = Debug|Any CPU
		{D05A0DBE-B2E8-48D7-A8D6-75DDF9F8EFB9}.All|iPhoneSimulator.ActiveCfg = Debug|Any CPU
		{D05A0DBE-B2E8-48D7-A8D6-75DDF9F8EFB9}.All|iPhoneSimulator.Build.0 = Debug|Any CPU
		{D05A0DBE-B2E8-48D7-A8D6-75DDF9F8EFB9}.All|x64.ActiveCfg = Debug|Any CPU
		{D05A0DBE-B2E8-48D7-A8D6-75DDF9F8EFB9}.All|x64.Build.0 = Debug|Any CPU
		{D05A0DBE-B2E8-48D7-A8D6-75DDF9F8EFB9}.All|x86.ActiveCfg = Debug|Any CPU
		{D05A0DBE-B2E8-48D7-A8D6-75DDF9F8EFB9}.All|x86.Build.0 = Debug|Any CPU
		{D05A0DBE-B2E8-48D7-A8D6-75DDF9F8EFB9}.AndroidApp|Any CPU.ActiveCfg = Debug|Any CPU
		{D05A0DBE-B2E8-48D7-A8D6-75DDF9F8EFB9}.AndroidApp|iPhone.ActiveCfg = Debug|Any CPU
		{D05A0DBE-B2E8-48D7-A8D6-75DDF9F8EFB9}.AndroidApp|iPhone.Build.0 = Debug|Any CPU
		{D05A0DBE-B2E8-48D7-A8D6-75DDF9F8EFB9}.AndroidApp|iPhoneSimulator.ActiveCfg = Debug|Any CPU
		{D05A0DBE-B2E8-48D7-A8D6-75DDF9F8EFB9}.AndroidApp|iPhoneSimulator.Build.0 = Debug|Any CPU
		{D05A0DBE-B2E8-48D7-A8D6-75DDF9F8EFB9}.AndroidApp|x64.ActiveCfg = Debug|Any CPU
		{D05A0DBE-B2E8-48D7-A8D6-75DDF9F8EFB9}.AndroidApp|x64.Build.0 = Debug|Any CPU
		{D05A0DBE-B2E8-48D7-A8D6-75DDF9F8EFB9}.AndroidApp|x86.ActiveCfg = Debug|Any CPU
		{D05A0DBE-B2E8-48D7-A8D6-75DDF9F8EFB9}.AndroidApp|x86.Build.0 = Debug|Any CPU
		{D05A0DBE-B2E8-48D7-A8D6-75DDF9F8EFB9}.Debug|Any CPU.ActiveCfg = Debug|Any CPU
		{D05A0DBE-B2E8-48D7-A8D6-75DDF9F8EFB9}.Debug|iPhone.ActiveCfg = Debug|Any CPU
		{D05A0DBE-B2E8-48D7-A8D6-75DDF9F8EFB9}.Debug|iPhone.Build.0 = Debug|Any CPU
		{D05A0DBE-B2E8-48D7-A8D6-75DDF9F8EFB9}.Debug|iPhoneSimulator.ActiveCfg = Debug|Any CPU
		{D05A0DBE-B2E8-48D7-A8D6-75DDF9F8EFB9}.Debug|iPhoneSimulator.Build.0 = Debug|Any CPU
		{D05A0DBE-B2E8-48D7-A8D6-75DDF9F8EFB9}.Debug|x64.ActiveCfg = Debug|Any CPU
		{D05A0DBE-B2E8-48D7-A8D6-75DDF9F8EFB9}.Debug|x64.Build.0 = Debug|Any CPU
		{D05A0DBE-B2E8-48D7-A8D6-75DDF9F8EFB9}.Debug|x86.ActiveCfg = Debug|Any CPU
		{D05A0DBE-B2E8-48D7-A8D6-75DDF9F8EFB9}.Debug|x86.Build.0 = Debug|Any CPU
		{D05A0DBE-B2E8-48D7-A8D6-75DDF9F8EFB9}.Release|Any CPU.ActiveCfg = Release|Any CPU
		{D05A0DBE-B2E8-48D7-A8D6-75DDF9F8EFB9}.Release|iPhone.ActiveCfg = Release|Any CPU
		{D05A0DBE-B2E8-48D7-A8D6-75DDF9F8EFB9}.Release|iPhone.Build.0 = Release|Any CPU
		{D05A0DBE-B2E8-48D7-A8D6-75DDF9F8EFB9}.Release|iPhoneSimulator.ActiveCfg = Release|Any CPU
		{D05A0DBE-B2E8-48D7-A8D6-75DDF9F8EFB9}.Release|iPhoneSimulator.Build.0 = Release|Any CPU
		{D05A0DBE-B2E8-48D7-A8D6-75DDF9F8EFB9}.Release|x64.ActiveCfg = Release|Any CPU
		{D05A0DBE-B2E8-48D7-A8D6-75DDF9F8EFB9}.Release|x64.Build.0 = Release|Any CPU
		{D05A0DBE-B2E8-48D7-A8D6-75DDF9F8EFB9}.Release|x86.ActiveCfg = Release|Any CPU
		{D05A0DBE-B2E8-48D7-A8D6-75DDF9F8EFB9}.Release|x86.Build.0 = Release|Any CPU
		{D05A0DBE-B2E8-48D7-A8D6-75DDF9F8EFB9}.Wpf|Any CPU.ActiveCfg = Debug|Any CPU
		{D05A0DBE-B2E8-48D7-A8D6-75DDF9F8EFB9}.Wpf|Any CPU.Build.0 = Debug|Any CPU
		{D05A0DBE-B2E8-48D7-A8D6-75DDF9F8EFB9}.Wpf|iPhone.ActiveCfg = Debug|Any CPU
		{D05A0DBE-B2E8-48D7-A8D6-75DDF9F8EFB9}.Wpf|iPhone.Build.0 = Debug|Any CPU
		{D05A0DBE-B2E8-48D7-A8D6-75DDF9F8EFB9}.Wpf|iPhoneSimulator.ActiveCfg = Debug|Any CPU
		{D05A0DBE-B2E8-48D7-A8D6-75DDF9F8EFB9}.Wpf|iPhoneSimulator.Build.0 = Debug|Any CPU
		{D05A0DBE-B2E8-48D7-A8D6-75DDF9F8EFB9}.Wpf|x64.ActiveCfg = Debug|Any CPU
		{D05A0DBE-B2E8-48D7-A8D6-75DDF9F8EFB9}.Wpf|x64.Build.0 = Debug|Any CPU
		{D05A0DBE-B2E8-48D7-A8D6-75DDF9F8EFB9}.Wpf|x86.ActiveCfg = Debug|Any CPU
		{D05A0DBE-B2E8-48D7-A8D6-75DDF9F8EFB9}.Wpf|x86.Build.0 = Debug|Any CPU
		{1684B68F-699F-457F-8891-99DC2569420B}.All|Any CPU.ActiveCfg = Debug|Any CPU
		{1684B68F-699F-457F-8891-99DC2569420B}.All|Any CPU.Build.0 = Debug|Any CPU
		{1684B68F-699F-457F-8891-99DC2569420B}.All|iPhone.ActiveCfg = Debug|Any CPU
		{1684B68F-699F-457F-8891-99DC2569420B}.All|iPhone.Build.0 = Debug|Any CPU
		{1684B68F-699F-457F-8891-99DC2569420B}.All|iPhoneSimulator.ActiveCfg = Debug|Any CPU
		{1684B68F-699F-457F-8891-99DC2569420B}.All|iPhoneSimulator.Build.0 = Debug|Any CPU
		{1684B68F-699F-457F-8891-99DC2569420B}.All|x64.ActiveCfg = Debug|Any CPU
		{1684B68F-699F-457F-8891-99DC2569420B}.All|x64.Build.0 = Debug|Any CPU
		{1684B68F-699F-457F-8891-99DC2569420B}.All|x86.ActiveCfg = Debug|Any CPU
		{1684B68F-699F-457F-8891-99DC2569420B}.All|x86.Build.0 = Debug|Any CPU
		{1684B68F-699F-457F-8891-99DC2569420B}.AndroidApp|Any CPU.ActiveCfg = Debug|Any CPU
		{1684B68F-699F-457F-8891-99DC2569420B}.AndroidApp|iPhone.ActiveCfg = Debug|Any CPU
		{1684B68F-699F-457F-8891-99DC2569420B}.AndroidApp|iPhone.Build.0 = Debug|Any CPU
		{1684B68F-699F-457F-8891-99DC2569420B}.AndroidApp|iPhoneSimulator.ActiveCfg = Debug|Any CPU
		{1684B68F-699F-457F-8891-99DC2569420B}.AndroidApp|iPhoneSimulator.Build.0 = Debug|Any CPU
		{1684B68F-699F-457F-8891-99DC2569420B}.AndroidApp|x64.ActiveCfg = Debug|Any CPU
		{1684B68F-699F-457F-8891-99DC2569420B}.AndroidApp|x64.Build.0 = Debug|Any CPU
		{1684B68F-699F-457F-8891-99DC2569420B}.AndroidApp|x86.ActiveCfg = Debug|Any CPU
		{1684B68F-699F-457F-8891-99DC2569420B}.AndroidApp|x86.Build.0 = Debug|Any CPU
		{1684B68F-699F-457F-8891-99DC2569420B}.Debug|Any CPU.ActiveCfg = Debug|Any CPU
		{1684B68F-699F-457F-8891-99DC2569420B}.Debug|Any CPU.Build.0 = Debug|Any CPU
		{1684B68F-699F-457F-8891-99DC2569420B}.Debug|iPhone.ActiveCfg = Debug|Any CPU
		{1684B68F-699F-457F-8891-99DC2569420B}.Debug|iPhone.Build.0 = Debug|Any CPU
		{1684B68F-699F-457F-8891-99DC2569420B}.Debug|iPhoneSimulator.ActiveCfg = Debug|Any CPU
		{1684B68F-699F-457F-8891-99DC2569420B}.Debug|iPhoneSimulator.Build.0 = Debug|Any CPU
		{1684B68F-699F-457F-8891-99DC2569420B}.Debug|x64.ActiveCfg = Debug|Any CPU
		{1684B68F-699F-457F-8891-99DC2569420B}.Debug|x64.Build.0 = Debug|Any CPU
		{1684B68F-699F-457F-8891-99DC2569420B}.Debug|x86.ActiveCfg = Debug|Any CPU
		{1684B68F-699F-457F-8891-99DC2569420B}.Debug|x86.Build.0 = Debug|Any CPU
		{1684B68F-699F-457F-8891-99DC2569420B}.Release|Any CPU.ActiveCfg = Release|Any CPU
		{1684B68F-699F-457F-8891-99DC2569420B}.Release|Any CPU.Build.0 = Release|Any CPU
		{1684B68F-699F-457F-8891-99DC2569420B}.Release|iPhone.ActiveCfg = Release|Any CPU
		{1684B68F-699F-457F-8891-99DC2569420B}.Release|iPhone.Build.0 = Release|Any CPU
		{1684B68F-699F-457F-8891-99DC2569420B}.Release|iPhoneSimulator.ActiveCfg = Release|Any CPU
		{1684B68F-699F-457F-8891-99DC2569420B}.Release|iPhoneSimulator.Build.0 = Release|Any CPU
		{1684B68F-699F-457F-8891-99DC2569420B}.Release|x64.ActiveCfg = Release|Any CPU
		{1684B68F-699F-457F-8891-99DC2569420B}.Release|x64.Build.0 = Release|Any CPU
		{1684B68F-699F-457F-8891-99DC2569420B}.Release|x86.ActiveCfg = Release|Any CPU
		{1684B68F-699F-457F-8891-99DC2569420B}.Release|x86.Build.0 = Release|Any CPU
		{1684B68F-699F-457F-8891-99DC2569420B}.Wpf|Any CPU.ActiveCfg = Wpf|Any CPU
		{1684B68F-699F-457F-8891-99DC2569420B}.Wpf|iPhone.ActiveCfg = Debug|Any CPU
		{1684B68F-699F-457F-8891-99DC2569420B}.Wpf|iPhone.Build.0 = Debug|Any CPU
		{1684B68F-699F-457F-8891-99DC2569420B}.Wpf|iPhoneSimulator.ActiveCfg = Debug|Any CPU
		{1684B68F-699F-457F-8891-99DC2569420B}.Wpf|iPhoneSimulator.Build.0 = Debug|Any CPU
		{1684B68F-699F-457F-8891-99DC2569420B}.Wpf|x64.ActiveCfg = Debug|Any CPU
		{1684B68F-699F-457F-8891-99DC2569420B}.Wpf|x64.Build.0 = Debug|Any CPU
		{1684B68F-699F-457F-8891-99DC2569420B}.Wpf|x86.ActiveCfg = Debug|Any CPU
		{1684B68F-699F-457F-8891-99DC2569420B}.Wpf|x86.Build.0 = Debug|Any CPU
		{E0D8491B-FF17-48B1-B79B-E5B539E79DF6}.All|Any CPU.ActiveCfg = Debug|Any CPU
		{E0D8491B-FF17-48B1-B79B-E5B539E79DF6}.All|Any CPU.Build.0 = Debug|Any CPU
		{E0D8491B-FF17-48B1-B79B-E5B539E79DF6}.All|iPhone.ActiveCfg = Debug|Any CPU
		{E0D8491B-FF17-48B1-B79B-E5B539E79DF6}.All|iPhone.Build.0 = Debug|Any CPU
		{E0D8491B-FF17-48B1-B79B-E5B539E79DF6}.All|iPhoneSimulator.ActiveCfg = Debug|Any CPU
		{E0D8491B-FF17-48B1-B79B-E5B539E79DF6}.All|iPhoneSimulator.Build.0 = Debug|Any CPU
		{E0D8491B-FF17-48B1-B79B-E5B539E79DF6}.All|x64.ActiveCfg = Debug|Any CPU
		{E0D8491B-FF17-48B1-B79B-E5B539E79DF6}.All|x64.Build.0 = Debug|Any CPU
		{E0D8491B-FF17-48B1-B79B-E5B539E79DF6}.All|x86.ActiveCfg = Debug|Any CPU
		{E0D8491B-FF17-48B1-B79B-E5B539E79DF6}.All|x86.Build.0 = Debug|Any CPU
		{E0D8491B-FF17-48B1-B79B-E5B539E79DF6}.AndroidApp|Any CPU.ActiveCfg = Debug|Any CPU
		{E0D8491B-FF17-48B1-B79B-E5B539E79DF6}.AndroidApp|Any CPU.Build.0 = Debug|Any CPU
		{E0D8491B-FF17-48B1-B79B-E5B539E79DF6}.AndroidApp|iPhone.ActiveCfg = Debug|Any CPU
		{E0D8491B-FF17-48B1-B79B-E5B539E79DF6}.AndroidApp|iPhone.Build.0 = Debug|Any CPU
		{E0D8491B-FF17-48B1-B79B-E5B539E79DF6}.AndroidApp|iPhoneSimulator.ActiveCfg = Debug|Any CPU
		{E0D8491B-FF17-48B1-B79B-E5B539E79DF6}.AndroidApp|iPhoneSimulator.Build.0 = Debug|Any CPU
		{E0D8491B-FF17-48B1-B79B-E5B539E79DF6}.AndroidApp|x64.ActiveCfg = Debug|Any CPU
		{E0D8491B-FF17-48B1-B79B-E5B539E79DF6}.AndroidApp|x64.Build.0 = Debug|Any CPU
		{E0D8491B-FF17-48B1-B79B-E5B539E79DF6}.AndroidApp|x86.ActiveCfg = Debug|Any CPU
		{E0D8491B-FF17-48B1-B79B-E5B539E79DF6}.AndroidApp|x86.Build.0 = Debug|Any CPU
		{E0D8491B-FF17-48B1-B79B-E5B539E79DF6}.Debug|Any CPU.ActiveCfg = Debug|Any CPU
		{E0D8491B-FF17-48B1-B79B-E5B539E79DF6}.Debug|Any CPU.Build.0 = Debug|Any CPU
		{E0D8491B-FF17-48B1-B79B-E5B539E79DF6}.Debug|iPhone.ActiveCfg = Debug|Any CPU
		{E0D8491B-FF17-48B1-B79B-E5B539E79DF6}.Debug|iPhone.Build.0 = Debug|Any CPU
		{E0D8491B-FF17-48B1-B79B-E5B539E79DF6}.Debug|iPhoneSimulator.ActiveCfg = Debug|Any CPU
		{E0D8491B-FF17-48B1-B79B-E5B539E79DF6}.Debug|iPhoneSimulator.Build.0 = Debug|Any CPU
		{E0D8491B-FF17-48B1-B79B-E5B539E79DF6}.Debug|x64.ActiveCfg = Debug|Any CPU
		{E0D8491B-FF17-48B1-B79B-E5B539E79DF6}.Debug|x64.Build.0 = Debug|Any CPU
		{E0D8491B-FF17-48B1-B79B-E5B539E79DF6}.Debug|x86.ActiveCfg = Debug|Any CPU
		{E0D8491B-FF17-48B1-B79B-E5B539E79DF6}.Debug|x86.Build.0 = Debug|Any CPU
		{E0D8491B-FF17-48B1-B79B-E5B539E79DF6}.Release|Any CPU.ActiveCfg = Release|Any CPU
		{E0D8491B-FF17-48B1-B79B-E5B539E79DF6}.Release|Any CPU.Build.0 = Release|Any CPU
		{E0D8491B-FF17-48B1-B79B-E5B539E79DF6}.Release|iPhone.ActiveCfg = Release|Any CPU
		{E0D8491B-FF17-48B1-B79B-E5B539E79DF6}.Release|iPhone.Build.0 = Release|Any CPU
		{E0D8491B-FF17-48B1-B79B-E5B539E79DF6}.Release|iPhoneSimulator.ActiveCfg = Release|Any CPU
		{E0D8491B-FF17-48B1-B79B-E5B539E79DF6}.Release|iPhoneSimulator.Build.0 = Release|Any CPU
		{E0D8491B-FF17-48B1-B79B-E5B539E79DF6}.Release|x64.ActiveCfg = Release|Any CPU
		{E0D8491B-FF17-48B1-B79B-E5B539E79DF6}.Release|x64.Build.0 = Release|Any CPU
		{E0D8491B-FF17-48B1-B79B-E5B539E79DF6}.Release|x86.ActiveCfg = Release|Any CPU
		{E0D8491B-FF17-48B1-B79B-E5B539E79DF6}.Release|x86.Build.0 = Release|Any CPU
		{E0D8491B-FF17-48B1-B79B-E5B539E79DF6}.Wpf|Any CPU.ActiveCfg = Debug|Any CPU
		{E0D8491B-FF17-48B1-B79B-E5B539E79DF6}.Wpf|Any CPU.Build.0 = Debug|Any CPU
		{E0D8491B-FF17-48B1-B79B-E5B539E79DF6}.Wpf|iPhone.ActiveCfg = Debug|Any CPU
		{E0D8491B-FF17-48B1-B79B-E5B539E79DF6}.Wpf|iPhone.Build.0 = Debug|Any CPU
		{E0D8491B-FF17-48B1-B79B-E5B539E79DF6}.Wpf|iPhoneSimulator.ActiveCfg = Debug|Any CPU
		{E0D8491B-FF17-48B1-B79B-E5B539E79DF6}.Wpf|iPhoneSimulator.Build.0 = Debug|Any CPU
		{E0D8491B-FF17-48B1-B79B-E5B539E79DF6}.Wpf|x64.ActiveCfg = Debug|Any CPU
		{E0D8491B-FF17-48B1-B79B-E5B539E79DF6}.Wpf|x64.Build.0 = Debug|Any CPU
		{E0D8491B-FF17-48B1-B79B-E5B539E79DF6}.Wpf|x86.ActiveCfg = Debug|Any CPU
		{E0D8491B-FF17-48B1-B79B-E5B539E79DF6}.Wpf|x86.Build.0 = Debug|Any CPU
	EndGlobalSection
	GlobalSection(SolutionProperties) = preSolution
		HideSolutionNode = FALSE
	EndGlobalSection
	GlobalSection(NestedProjects) = preSolution
		{4EEDAEE4-1AAF-4918-9CA6-1EDA46256D01} = {EB46F000-80AB-4A94-A684-080CE86F9113}
		{9FD4544D-DF0C-4036-AD57-6A3CE2E62D14} = {9277EC4A-41B3-4A0C-9769-EA9240431771}
		{B4A9D2BE-A049-4906-8E5D-3B8F4304CDE4} = {9277EC4A-41B3-4A0C-9769-EA9240431771}
		{E5418E37-ABEA-4336-8BA8-92EF12FDF1D4} = {9277EC4A-41B3-4A0C-9769-EA9240431771}
		{90296851-2C8A-438A-9C9D-010330ADFDE2} = {E5418E37-ABEA-4336-8BA8-92EF12FDF1D4}
		{BBBEA69C-8FF6-48BA-9D1A-56EAB4D47712} = {E5418E37-ABEA-4336-8BA8-92EF12FDF1D4}
		{D05A0DBE-B2E8-48D7-A8D6-75DDF9F8EFB9} = {9277EC4A-41B3-4A0C-9769-EA9240431771}
	EndGlobalSection
	GlobalSection(ExtensibilityGlobals) = postSolution
		SolutionGuid = {5D9D16C3-B895-461D-82AA-2B718EA57F61}
	EndGlobalSection
EndGlobal
