
Microsoft Visual Studio Solution File, Format Version 12.00
# Visual Studio Version 16
VisualStudioVersion = 16.0.30218.91
MinimumVisualStudioVersion = 15.0.26124.0
Project("{9A19103F-16F7-4668-BE54-9A1E7A4F7556}") = "StrongInject", "StrongInject\StrongInject.csproj", "{90BC5444-D833-4B63-9BE9-E974B23C4CA4}"
EndProject
Project("{9A19103F-16F7-4668-BE54-9A1E7A4F7556}") = "StrongInject.Tests.Unit", "StrongInject.Tests.Unit\StrongInject.Tests.Unit.csproj", "{0FD2C8D0-BCBB-4D39-911F-A70EF5630CDA}"
EndProject
Project("{9A19103F-16F7-4668-BE54-9A1E7A4F7556}") = "StrongInject.Tests.Integration", "StrongInject.Tests.Integration\StrongInject.Tests.Integration.csproj", "{0F5253A8-007D-4C81-BF8D-C79B6E52D2A9}"
EndProject
Project("{2150E333-8FDC-42A3-9474-1A3956D46DE8}") = "Solution Items", "Solution Items", "{BA06BB7A-3289-4F4B-8E2D-4C63AB46BE99}"
	ProjectSection(SolutionItems) = preProject
		.editorconfig = .editorconfig
	EndProjectSection
EndProject
Global
	GlobalSection(SolutionConfigurationPlatforms) = preSolution
		Debug|Any CPU = Debug|Any CPU
		Debug|x64 = Debug|x64
		Debug|x86 = Debug|x86
		Release|Any CPU = Release|Any CPU
		Release|x64 = Release|x64
		Release|x86 = Release|x86
	EndGlobalSection
	GlobalSection(ProjectConfigurationPlatforms) = postSolution
		{90BC5444-D833-4B63-9BE9-E974B23C4CA4}.Debug|Any CPU.ActiveCfg = Debug|Any CPU
		{90BC5444-D833-4B63-9BE9-E974B23C4CA4}.Debug|Any CPU.Build.0 = Debug|Any CPU
		{90BC5444-D833-4B63-9BE9-E974B23C4CA4}.Debug|x64.ActiveCfg = Debug|Any CPU
		{90BC5444-D833-4B63-9BE9-E974B23C4CA4}.Debug|x64.Build.0 = Debug|Any CPU
		{90BC5444-D833-4B63-9BE9-E974B23C4CA4}.Debug|x86.ActiveCfg = Debug|Any CPU
		{90BC5444-D833-4B63-9BE9-E974B23C4CA4}.Debug|x86.Build.0 = Debug|Any CPU
		{90BC5444-D833-4B63-9BE9-E974B23C4CA4}.Release|Any CPU.ActiveCfg = Release|Any CPU
		{90BC5444-D833-4B63-9BE9-E974B23C4CA4}.Release|Any CPU.Build.0 = Release|Any CPU
		{90BC5444-D833-4B63-9BE9-E974B23C4CA4}.Release|x64.ActiveCfg = Release|Any CPU
		{90BC5444-D833-4B63-9BE9-E974B23C4CA4}.Release|x64.Build.0 = Release|Any CPU
		{90BC5444-D833-4B63-9BE9-E974B23C4CA4}.Release|x86.ActiveCfg = Release|Any CPU
		{90BC5444-D833-4B63-9BE9-E974B23C4CA4}.Release|x86.Build.0 = Release|Any CPU
		{0FD2C8D0-BCBB-4D39-911F-A70EF5630CDA}.Debug|Any CPU.ActiveCfg = Debug|Any CPU
		{0FD2C8D0-BCBB-4D39-911F-A70EF5630CDA}.Debug|Any CPU.Build.0 = Debug|Any CPU
		{0FD2C8D0-BCBB-4D39-911F-A70EF5630CDA}.Debug|x64.ActiveCfg = Debug|Any CPU
		{0FD2C8D0-BCBB-4D39-911F-A70EF5630CDA}.Debug|x64.Build.0 = Debug|Any CPU
		{0FD2C8D0-BCBB-4D39-911F-A70EF5630CDA}.Debug|x86.ActiveCfg = Debug|Any CPU
		{0FD2C8D0-BCBB-4D39-911F-A70EF5630CDA}.Debug|x86.Build.0 = Debug|Any CPU
		{0FD2C8D0-BCBB-4D39-911F-A70EF5630CDA}.Release|Any CPU.ActiveCfg = Release|Any CPU
		{0FD2C8D0-BCBB-4D39-911F-A70EF5630CDA}.Release|Any CPU.Build.0 = Release|Any CPU
		{0FD2C8D0-BCBB-4D39-911F-A70EF5630CDA}.Release|x64.ActiveCfg = Release|Any CPU
		{0FD2C8D0-BCBB-4D39-911F-A70EF5630CDA}.Release|x64.Build.0 = Release|Any CPU
		{0FD2C8D0-BCBB-4D39-911F-A70EF5630CDA}.Release|x86.ActiveCfg = Release|Any CPU
		{0FD2C8D0-BCBB-4D39-911F-A70EF5630CDA}.Release|x86.Build.0 = Release|Any CPU
		{0F5253A8-007D-4C81-BF8D-C79B6E52D2A9}.Debug|Any CPU.ActiveCfg = Debug|Any CPU
		{0F5253A8-007D-4C81-BF8D-C79B6E52D2A9}.Debug|Any CPU.Build.0 = Debug|Any CPU
		{0F5253A8-007D-4C81-BF8D-C79B6E52D2A9}.Debug|x64.ActiveCfg = Debug|Any CPU
		{0F5253A8-007D-4C81-BF8D-C79B6E52D2A9}.Debug|x64.Build.0 = Debug|Any CPU
		{0F5253A8-007D-4C81-BF8D-C79B6E52D2A9}.Debug|x86.ActiveCfg = Debug|Any CPU
		{0F5253A8-007D-4C81-BF8D-C79B6E52D2A9}.Debug|x86.Build.0 = Debug|Any CPU
		{0F5253A8-007D-4C81-BF8D-C79B6E52D2A9}.Release|Any CPU.ActiveCfg = Release|Any CPU
		{0F5253A8-007D-4C81-BF8D-C79B6E52D2A9}.Release|Any CPU.Build.0 = Release|Any CPU
		{0F5253A8-007D-4C81-BF8D-C79B6E52D2A9}.Release|x64.ActiveCfg = Release|Any CPU
		{0F5253A8-007D-4C81-BF8D-C79B6E52D2A9}.Release|x64.Build.0 = Release|Any CPU
		{0F5253A8-007D-4C81-BF8D-C79B6E52D2A9}.Release|x86.ActiveCfg = Release|Any CPU
		{0F5253A8-007D-4C81-BF8D-C79B6E52D2A9}.Release|x86.Build.0 = Release|Any CPU
	EndGlobalSection
	GlobalSection(SolutionProperties) = preSolution
		HideSolutionNode = FALSE
	EndGlobalSection
	GlobalSection(ExtensibilityGlobals) = postSolution
		SolutionGuid = {5D9D16C3-B895-461D-82AA-2B718EA57F61}
	EndGlobalSection
EndGlobal
